
Microsoft Visual Studio Solution File, Format Version 12.00
# Visual Studio Version 17
Project("{2150E333-8FDC-42A3-9474-1A3956D46DE8}") = "CMakePredefinedTargets", "CMakePredefinedTargets", "{EB08911E-6BA7-329C-97C6-72CB8C78EB69}"
EndProject
Project("{2150E333-8FDC-42A3-9474-1A3956D46DE8}") = "Examples", "Examples", "{ACB67333-DF3C-3FE2-9F6F-E5152D61299F}"
EndProject
Project("{2150E333-8FDC-42A3-9474-1A3956D46DE8}") = "Libraries", "Libraries", "{5983B57A-D94C-3FA0-9FBE-6EA97F94B681}"
EndProject
Project("{2150E333-8FDC-42A3-9474-1A3956D46DE8}") = "Thirdparty", "Thirdparty", "{E5A7BB38-75C6-3282-8961-287C4808F659}"
EndProject
Project("{8BC9CEB8-8B4A-11D0-8D11-00A0C91BC942}") = "ALL_BUILD", "ALL_BUILD.vcxproj", "{29688545-C4B0-3790-A637-B08E59275E1C}"
	ProjectSection(ProjectDependencies) = postProject
		{F7923FC8-8FD0-3CFE-A59C-FFA3C527DED7} = {F7923FC8-8FD0-3CFE-A59C-FFA3C527DED7}
		{AE0F7A36-57EF-37C0-9D3B-22B0600D4C01} = {AE0F7A36-57EF-37C0-9D3B-22B0600D4C01}
	EndProjectSection
EndProject
Project("{8BC9CEB8-8B4A-11D0-8D11-00A0C91BC942}") = "Effekseer", "..\..\src\Effekseer\Effekseer.vcxproj", "{8A4E1A50-9085-3042-934A-D5429E5DA7FA}"
	ProjectSection(ProjectDependencies) = postProject
		{AE0F7A36-57EF-37C0-9D3B-22B0600D4C01} = {AE0F7A36-57EF-37C0-9D3B-22B0600D4C01}
	EndProjectSection
EndProject
Project("{8BC9CEB8-8B4A-11D0-8D11-00A0C91BC942}") = "EffekseerRendererCommon", "..\..\src\EffekseerRendererCommon\EffekseerRendererCommon.vcxproj", "{BC3FD2E4-3641-3E94-B87B-84BA261C10AA}"
	ProjectSection(ProjectDependencies) = postProject
		{8A4E1A50-9085-3042-934A-D5429E5DA7FA} = {8A4E1A50-9085-3042-934A-D5429E5DA7FA}
		{AE0F7A36-57EF-37C0-9D3B-22B0600D4C01} = {AE0F7A36-57EF-37C0-9D3B-22B0600D4C01}
	EndProjectSection
EndProject
Project("{8BC9CEB8-8B4A-11D0-8D11-00A0C91BC942}") = "EffekseerRendererDX12", "..\..\src\EffekseerRendererDX12\EffekseerRendererDX12.vcxproj", "{0E4C11E0-CCFF-3F17-92E5-F04D1FF59E68}"
	ProjectSection(ProjectDependencies) = postProject
		{8A4E1A50-9085-3042-934A-D5429E5DA7FA} = {8A4E1A50-9085-3042-934A-D5429E5DA7FA}
		{BC3FD2E4-3641-3E94-B87B-84BA261C10AA} = {BC3FD2E4-3641-3E94-B87B-84BA261C10AA}
		{FB3EFC20-D705-37E3-8698-B49D6BF858D1} = {FB3EFC20-D705-37E3-8698-B49D6BF858D1}
		{D25C56F4-10C9-3F62-92A3-F5139E20B64B} = {D25C56F4-10C9-3F62-92A3-F5139E20B64B}
		{AE0F7A36-57EF-37C0-9D3B-22B0600D4C01} = {AE0F7A36-57EF-37C0-9D3B-22B0600D4C01}
	EndProjectSection
EndProject
Project("{8BC9CEB8-8B4A-11D0-8D11-00A0C91BC942}") = "EffekseerRendererLLGI", "..\..\src\EffekseerRendererLLGI\EffekseerRendererLLGI.vcxproj", "{FB3EFC20-D705-37E3-8698-B49D6BF858D1}"
	ProjectSection(ProjectDependencies) = postProject
		{8A4E1A50-9085-3042-934A-D5429E5DA7FA} = {8A4E1A50-9085-3042-934A-D5429E5DA7FA}
		{BC3FD2E4-3641-3E94-B87B-84BA261C10AA} = {BC3FD2E4-3641-3E94-B87B-84BA261C10AA}
		{D25C56F4-10C9-3F62-92A3-F5139E20B64B} = {D25C56F4-10C9-3F62-92A3-F5139E20B64B}
		{AE0F7A36-57EF-37C0-9D3B-22B0600D4C01} = {AE0F7A36-57EF-37C0-9D3B-22B0600D4C01}
	EndProjectSection
EndProject
Project("{8BC9CEB8-8B4A-11D0-8D11-00A0C91BC942}") = "EffekseerSoundXAudio2", "..\..\src\EffekseerSoundXAudio2\EffekseerSoundXAudio2.vcxproj", "{0D68AEB1-7C66-354F-944C-A43000C5344F}"
	ProjectSection(ProjectDependencies) = postProject
		{8A4E1A50-9085-3042-934A-D5429E5DA7FA} = {8A4E1A50-9085-3042-934A-D5429E5DA7FA}
		{AE0F7A36-57EF-37C0-9D3B-22B0600D4C01} = {AE0F7A36-57EF-37C0-9D3B-22B0600D4C01}
	EndProjectSection
EndProject
Project("{8BC9CEB8-8B4A-11D0-8D11-00A0C91BC942}") = "Example_DirectX12", "Example_DirectX12.vcxproj", "{F7923FC8-8FD0-3CFE-A59C-FFA3C527DED7}"
	ProjectSection(ProjectDependencies) = postProject
		{8A4E1A50-9085-3042-934A-D5429E5DA7FA} = {8A4E1A50-9085-3042-934A-D5429E5DA7FA}
		{BC3FD2E4-3641-3E94-B87B-84BA261C10AA} = {BC3FD2E4-3641-3E94-B87B-84BA261C10AA}
		{0E4C11E0-CCFF-3F17-92E5-F04D1FF59E68} = {0E4C11E0-CCFF-3F17-92E5-F04D1FF59E68}
		{FB3EFC20-D705-37E3-8698-B49D6BF858D1} = {FB3EFC20-D705-37E3-8698-B49D6BF858D1}
		{0D68AEB1-7C66-354F-944C-A43000C5344F} = {0D68AEB1-7C66-354F-944C-A43000C5344F}
		{2C926309-90DB-3A85-8FDD-A6B05EABCD65} = {2C926309-90DB-3A85-8FDD-A6B05EABCD65}
		{D25C56F4-10C9-3F62-92A3-F5139E20B64B} = {D25C56F4-10C9-3F62-92A3-F5139E20B64B}
		{AE0F7A36-57EF-37C0-9D3B-22B0600D4C01} = {AE0F7A36-57EF-37C0-9D3B-22B0600D4C01}
	EndProjectSection
EndProject
Project("{8BC9CEB8-8B4A-11D0-8D11-00A0C91BC942}") = "Example_Utils", "..\Utils\Example_Utils.vcxproj", "{2C926309-90DB-3A85-8FDD-A6B05EABCD65}"
	ProjectSection(ProjectDependencies) = postProject
		{AE0F7A36-57EF-37C0-9D3B-22B0600D4C01} = {AE0F7A36-57EF-37C0-9D3B-22B0600D4C01}
	EndProjectSection
EndProject
Project("{8BC9CEB8-8B4A-11D0-8D11-00A0C91BC942}") = "INSTALL", "INSTALL.vcxproj", "{79501B9F-23BA-3751-8174-7A2654A6784B}"
	ProjectSection(ProjectDependencies) = postProject
		{29688545-C4B0-3790-A637-B08E59275E1C} = {29688545-C4B0-3790-A637-B08E59275E1C}
		{AE0F7A36-57EF-37C0-9D3B-22B0600D4C01} = {AE0F7A36-57EF-37C0-9D3B-22B0600D4C01}
	EndProjectSection
EndProject
Project("{8BC9CEB8-8B4A-11D0-8D11-00A0C91BC942}") = "LLGI", "..\..\src\3rdParty\LLGI\src\LLGI.vcxproj", "{D25C56F4-10C9-3F62-92A3-F5139E20B64B}"
	ProjectSection(ProjectDependencies) = postProject
		{AE0F7A36-57EF-37C0-9D3B-22B0600D4C01} = {AE0F7A36-57EF-37C0-9D3B-22B0600D4C01}
	EndProjectSection
EndProject
Project("{8BC9CEB8-8B4A-11D0-8D11-00A0C91BC942}") = "ZERO_CHECK", "..\..\\ZERO_CHECK.vcxproj", "{AE0F7A36-57EF-37C0-9D3B-22B0600D4C01}"
	ProjectSection(ProjectDependencies) = postProject
	EndProjectSection
EndProject
Global
	GlobalSection(SolutionConfigurationPlatforms) = preSolution
		Debug|x64 = Debug|x64
		Release|x64 = Release|x64
		MinSizeRel|x64 = MinSizeRel|x64
		RelWithDebInfo|x64 = RelWithDebInfo|x64
	EndGlobalSection
	GlobalSection(ProjectConfigurationPlatforms) = postSolution
		{29688545-C4B0-3790-A637-B08E59275E1C}.Debug|x64.ActiveCfg = Debug|x64
		{29688545-C4B0-3790-A637-B08E59275E1C}.Debug|x64.Build.0 = Debug|x64
		{29688545-C4B0-3790-A637-B08E59275E1C}.Release|x64.ActiveCfg = Release|x64
		{29688545-C4B0-3790-A637-B08E59275E1C}.Release|x64.Build.0 = Release|x64
		{29688545-C4B0-3790-A637-B08E59275E1C}.MinSizeRel|x64.ActiveCfg = MinSizeRel|x64
		{29688545-C4B0-3790-A637-B08E59275E1C}.MinSizeRel|x64.Build.0 = MinSizeRel|x64
		{29688545-C4B0-3790-A637-B08E59275E1C}.RelWithDebInfo|x64.ActiveCfg = RelWithDebInfo|x64
		{29688545-C4B0-3790-A637-B08E59275E1C}.RelWithDebInfo|x64.Build.0 = RelWithDebInfo|x64
		{8A4E1A50-9085-3042-934A-D5429E5DA7FA}.Debug|x64.ActiveCfg = Debug|x64
		{8A4E1A50-9085-3042-934A-D5429E5DA7FA}.Debug|x64.Build.0 = Debug|x64
		{8A4E1A50-9085-3042-934A-D5429E5DA7FA}.Release|x64.ActiveCfg = Release|x64
		{8A4E1A50-9085-3042-934A-D5429E5DA7FA}.Release|x64.Build.0 = Release|x64
		{8A4E1A50-9085-3042-934A-D5429E5DA7FA}.MinSizeRel|x64.ActiveCfg = MinSizeRel|x64
		{8A4E1A50-9085-3042-934A-D5429E5DA7FA}.MinSizeRel|x64.Build.0 = MinSizeRel|x64
		{8A4E1A50-9085-3042-934A-D5429E5DA7FA}.RelWithDebInfo|x64.ActiveCfg = RelWithDebInfo|x64
		{8A4E1A50-9085-3042-934A-D5429E5DA7FA}.RelWithDebInfo|x64.Build.0 = RelWithDebInfo|x64
		{BC3FD2E4-3641-3E94-B87B-84BA261C10AA}.Debug|x64.ActiveCfg = Debug|x64
		{BC3FD2E4-3641-3E94-B87B-84BA261C10AA}.Debug|x64.Build.0 = Debug|x64
		{BC3FD2E4-3641-3E94-B87B-84BA261C10AA}.Release|x64.ActiveCfg = Release|x64
		{BC3FD2E4-3641-3E94-B87B-84BA261C10AA}.Release|x64.Build.0 = Release|x64
		{BC3FD2E4-3641-3E94-B87B-84BA261C10AA}.MinSizeRel|x64.ActiveCfg = MinSizeRel|x64
		{BC3FD2E4-3641-3E94-B87B-84BA261C10AA}.MinSizeRel|x64.Build.0 = MinSizeRel|x64
		{BC3FD2E4-3641-3E94-B87B-84BA261C10AA}.RelWithDebInfo|x64.ActiveCfg = RelWithDebInfo|x64
		{BC3FD2E4-3641-3E94-B87B-84BA261C10AA}.RelWithDebInfo|x64.Build.0 = RelWithDebInfo|x64
		{0E4C11E0-CCFF-3F17-92E5-F04D1FF59E68}.Debug|x64.ActiveCfg = Debug|x64
		{0E4C11E0-CCFF-3F17-92E5-F04D1FF59E68}.Debug|x64.Build.0 = Debug|x64
		{0E4C11E0-CCFF-3F17-92E5-F04D1FF59E68}.Release|x64.ActiveCfg = Release|x64
		{0E4C11E0-CCFF-3F17-92E5-F04D1FF59E68}.Release|x64.Build.0 = Release|x64
		{0E4C11E0-CCFF-3F17-92E5-F04D1FF59E68}.MinSizeRel|x64.ActiveCfg = MinSizeRel|x64
		{0E4C11E0-CCFF-3F17-92E5-F04D1FF59E68}.MinSizeRel|x64.Build.0 = MinSizeRel|x64
		{0E4C11E0-CCFF-3F17-92E5-F04D1FF59E68}.RelWithDebInfo|x64.ActiveCfg = RelWithDebInfo|x64
		{0E4C11E0-CCFF-3F17-92E5-F04D1FF59E68}.RelWithDebInfo|x64.Build.0 = RelWithDebInfo|x64
		{FB3EFC20-D705-37E3-8698-B49D6BF858D1}.Debug|x64.ActiveCfg = Debug|x64
		{FB3EFC20-D705-37E3-8698-B49D6BF858D1}.Debug|x64.Build.0 = Debug|x64
		{FB3EFC20-D705-37E3-8698-B49D6BF858D1}.Release|x64.ActiveCfg = Release|x64
		{FB3EFC20-D705-37E3-8698-B49D6BF858D1}.Release|x64.Build.0 = Release|x64
		{FB3EFC20-D705-37E3-8698-B49D6BF858D1}.MinSizeRel|x64.ActiveCfg = MinSizeRel|x64
		{FB3EFC20-D705-37E3-8698-B49D6BF858D1}.MinSizeRel|x64.Build.0 = MinSizeRel|x64
		{FB3EFC20-D705-37E3-8698-B49D6BF858D1}.RelWithDebInfo|x64.ActiveCfg = RelWithDebInfo|x64
		{FB3EFC20-D705-37E3-8698-B49D6BF858D1}.RelWithDebInfo|x64.Build.0 = RelWithDebInfo|x64
		{0D68AEB1-7C66-354F-944C-A43000C5344F}.Debug|x64.ActiveCfg = Debug|x64
		{0D68AEB1-7C66-354F-944C-A43000C5344F}.Debug|x64.Build.0 = Debug|x64
		{0D68AEB1-7C66-354F-944C-A43000C5344F}.Release|x64.ActiveCfg = Release|x64
		{0D68AEB1-7C66-354F-944C-A43000C5344F}.Release|x64.Build.0 = Release|x64
		{0D68AEB1-7C66-354F-944C-A43000C5344F}.MinSizeRel|x64.ActiveCfg = MinSizeRel|x64
		{0D68AEB1-7C66-354F-944C-A43000C5344F}.MinSizeRel|x64.Build.0 = MinSizeRel|x64
		{0D68AEB1-7C66-354F-944C-A43000C5344F}.RelWithDebInfo|x64.ActiveCfg = RelWithDebInfo|x64
		{0D68AEB1-7C66-354F-944C-A43000C5344F}.RelWithDebInfo|x64.Build.0 = RelWithDebInfo|x64
		{F7923FC8-8FD0-3CFE-A59C-FFA3C527DED7}.Debug|x64.ActiveCfg = Debug|x64
		{F7923FC8-8FD0-3CFE-A59C-FFA3C527DED7}.Debug|x64.Build.0 = Debug|x64
		{F7923FC8-8FD0-3CFE-A59C-FFA3C527DED7}.Release|x64.ActiveCfg = Release|x64
		{F7923FC8-8FD0-3CFE-A59C-FFA3C527DED7}.Release|x64.Build.0 = Release|x64
		{F7923FC8-8FD0-3CFE-A59C-FFA3C527DED7}.MinSizeRel|x64.ActiveCfg = MinSizeRel|x64
		{F7923FC8-8FD0-3CFE-A59C-FFA3C527DED7}.MinSizeRel|x64.Build.0 = MinSizeRel|x64
		{F7923FC8-8FD0-3CFE-A59C-FFA3C527DED7}.RelWithDebInfo|x64.ActiveCfg = RelWithDebInfo|x64
		{F7923FC8-8FD0-3CFE-A59C-FFA3C527DED7}.RelWithDebInfo|x64.Build.0 = RelWithDebInfo|x64
		{2C926309-90DB-3A85-8FDD-A6B05EABCD65}.Debug|x64.ActiveCfg = Debug|x64
		{2C926309-90DB-3A85-8FDD-A6B05EABCD65}.Debug|x64.Build.0 = Debug|x64
		{2C926309-90DB-3A85-8FDD-A6B05EABCD65}.Release|x64.ActiveCfg = Release|x64
		{2C926309-90DB-3A85-8FDD-A6B05EABCD65}.Release|x64.Build.0 = Release|x64
		{2C926309-90DB-3A85-8FDD-A6B05EABCD65}.MinSizeRel|x64.ActiveCfg = MinSizeRel|x64
		{2C926309-90DB-3A85-8FDD-A6B05EABCD65}.MinSizeRel|x64.Build.0 = MinSizeRel|x64
		{2C926309-90DB-3A85-8FDD-A6B05EABCD65}.RelWithDebInfo|x64.ActiveCfg = RelWithDebInfo|x64
		{2C926309-90DB-3A85-8FDD-A6B05EABCD65}.RelWithDebInfo|x64.Build.0 = RelWithDebInfo|x64
		{79501B9F-23BA-3751-8174-7A2654A6784B}.Debug|x64.ActiveCfg = Debug|x64
		{79501B9F-23BA-3751-8174-7A2654A6784B}.Release|x64.ActiveCfg = Release|x64
		{79501B9F-23BA-3751-8174-7A2654A6784B}.MinSizeRel|x64.ActiveCfg = MinSizeRel|x64
		{79501B9F-23BA-3751-8174-7A2654A6784B}.RelWithDebInfo|x64.ActiveCfg = RelWithDebInfo|x64
		{D25C56F4-10C9-3F62-92A3-F5139E20B64B}.Debug|x64.ActiveCfg = Debug|x64
		{D25C56F4-10C9-3F62-92A3-F5139E20B64B}.Debug|x64.Build.0 = Debug|x64
		{D25C56F4-10C9-3F62-92A3-F5139E20B64B}.Release|x64.ActiveCfg = Release|x64
		{D25C56F4-10C9-3F62-92A3-F5139E20B64B}.Release|x64.Build.0 = Release|x64
		{D25C56F4-10C9-3F62-92A3-F5139E20B64B}.MinSizeRel|x64.ActiveCfg = MinSizeRel|x64
		{D25C56F4-10C9-3F62-92A3-F5139E20B64B}.MinSizeRel|x64.Build.0 = MinSizeRel|x64
		{D25C56F4-10C9-3F62-92A3-F5139E20B64B}.RelWithDebInfo|x64.ActiveCfg = RelWithDebInfo|x64
		{D25C56F4-10C9-3F62-92A3-F5139E20B64B}.RelWithDebInfo|x64.Build.0 = RelWithDebInfo|x64
		{AE0F7A36-57EF-37C0-9D3B-22B0600D4C01}.Debug|x64.ActiveCfg = Debug|x64
		{AE0F7A36-57EF-37C0-9D3B-22B0600D4C01}.Debug|x64.Build.0 = Debug|x64
		{AE0F7A36-57EF-37C0-9D3B-22B0600D4C01}.Release|x64.ActiveCfg = Release|x64
		{AE0F7A36-57EF-37C0-9D3B-22B0600D4C01}.Release|x64.Build.0 = Release|x64
		{AE0F7A36-57EF-37C0-9D3B-22B0600D4C01}.MinSizeRel|x64.ActiveCfg = MinSizeRel|x64
		{AE0F7A36-57EF-37C0-9D3B-22B0600D4C01}.MinSizeRel|x64.Build.0 = MinSizeRel|x64
		{AE0F7A36-57EF-37C0-9D3B-22B0600D4C01}.RelWithDebInfo|x64.ActiveCfg = RelWithDebInfo|x64
		{AE0F7A36-57EF-37C0-9D3B-22B0600D4C01}.RelWithDebInfo|x64.Build.0 = RelWithDebInfo|x64
	EndGlobalSection
	GlobalSection(NestedProjects) = preSolution
		{29688545-C4B0-3790-A637-B08E59275E1C} = {EB08911E-6BA7-329C-97C6-72CB8C78EB69}
		{79501B9F-23BA-3751-8174-7A2654A6784B} = {EB08911E-6BA7-329C-97C6-72CB8C78EB69}
		{AE0F7A36-57EF-37C0-9D3B-22B0600D4C01} = {EB08911E-6BA7-329C-97C6-72CB8C78EB69}
		{F7923FC8-8FD0-3CFE-A59C-FFA3C527DED7} = {ACB67333-DF3C-3FE2-9F6F-E5152D61299F}
		{2C926309-90DB-3A85-8FDD-A6B05EABCD65} = {ACB67333-DF3C-3FE2-9F6F-E5152D61299F}
		{8A4E1A50-9085-3042-934A-D5429E5DA7FA} = {5983B57A-D94C-3FA0-9FBE-6EA97F94B681}
		{BC3FD2E4-3641-3E94-B87B-84BA261C10AA} = {5983B57A-D94C-3FA0-9FBE-6EA97F94B681}
		{0E4C11E0-CCFF-3F17-92E5-F04D1FF59E68} = {5983B57A-D94C-3FA0-9FBE-6EA97F94B681}
		{FB3EFC20-D705-37E3-8698-B49D6BF858D1} = {5983B57A-D94C-3FA0-9FBE-6EA97F94B681}
		{0D68AEB1-7C66-354F-944C-A43000C5344F} = {5983B57A-D94C-3FA0-9FBE-6EA97F94B681}
		{D25C56F4-10C9-3F62-92A3-F5139E20B64B} = {E5A7BB38-75C6-3282-8961-287C4808F659}
	EndGlobalSection
	GlobalSection(ExtensibilityGlobals) = postSolution
		SolutionGuid = {1D3ACE4F-3809-3C51-B13E-CF4E75C1C25D}
	EndGlobalSection
	GlobalSection(ExtensibilityAddIns) = postSolution
	EndGlobalSection
EndGlobal
