
Microsoft Visual Studio Solution File, Format Version 12.00
# Visual Studio Version 17
Project("{2150E333-8FDC-42A3-9474-1A3956D46DE8}") = "CMakePredefinedTargets", "CMakePredefinedTargets", "{EB08911E-6BA7-329C-97C6-72CB8C78EB69}"
EndProject
Project("{2150E333-8FDC-42A3-9474-1A3956D46DE8}") = "Examples", "Examples", "{ACB67333-DF3C-3FE2-9F6F-E5152D61299F}"
EndProject
Project("{2150E333-8FDC-42A3-9474-1A3956D46DE8}") = "GLFW3", "GLFW3", "{9B861AC8-B663-3D46-98F5-8D33D1CF1205}"
EndProject
Project("{2150E333-8FDC-42A3-9474-1A3956D46DE8}") = "Libraries", "Libraries", "{5983B57A-D94C-3FA0-9FBE-6EA97F94B681}"
EndProject
Project("{2150E333-8FDC-42A3-9474-1A3956D46DE8}") = "Thirdparty", "Thirdparty", "{E5A7BB38-75C6-3282-8961-287C4808F659}"
EndProject
Project("{8BC9CEB8-8B4A-11D0-8D11-00A0C91BC942}") = "ALL_BUILD", "ALL_BUILD.vcxproj", "{29688545-C4B0-3790-A637-B08E59275E1C}"
	ProjectSection(ProjectDependencies) = postProject
		{8A4E1A50-9085-3042-934A-D5429E5DA7FA} = {8A4E1A50-9085-3042-934A-D5429E5DA7FA}
		{BC3FD2E4-3641-3E94-B87B-84BA261C10AA} = {BC3FD2E4-3641-3E94-B87B-84BA261C10AA}
		{29EA1947-B999-396F-B7A6-76F34D610AAD} = {29EA1947-B999-396F-B7A6-76F34D610AAD}
		{0E4C11E0-CCFF-3F17-92E5-F04D1FF59E68} = {0E4C11E0-CCFF-3F17-92E5-F04D1FF59E68}
		{8E244DA2-FFC4-379E-A692-28F0BA0A3145} = {8E244DA2-FFC4-379E-A692-28F0BA0A3145}
		{368286BD-6AE5-3794-A9CB-9A31BA49DF92} = {368286BD-6AE5-3794-A9CB-9A31BA49DF92}
		{FB3EFC20-D705-37E3-8698-B49D6BF858D1} = {FB3EFC20-D705-37E3-8698-B49D6BF858D1}
		{CD472F22-48FF-3B39-B3B6-DC23172E24F1} = {CD472F22-48FF-3B39-B3B6-DC23172E24F1}
		{58917FA3-E3AE-3476-B42C-8901830D09D1} = {58917FA3-E3AE-3476-B42C-8901830D09D1}
		{0D68AEB1-7C66-354F-944C-A43000C5344F} = {0D68AEB1-7C66-354F-944C-A43000C5344F}
		{93CB095C-6EE0-36AD-8E77-E15BC81FA05C} = {93CB095C-6EE0-36AD-8E77-E15BC81FA05C}
		{9712597C-CA15-329F-9878-4CF18F9DA985} = {9712597C-CA15-329F-9878-4CF18F9DA985}
		{4E4E074E-4D35-3AEA-9609-A8F9CCB84913} = {4E4E074E-4D35-3AEA-9609-A8F9CCB84913}
		{F7923FC8-8FD0-3CFE-A59C-FFA3C527DED7} = {F7923FC8-8FD0-3CFE-A59C-FFA3C527DED7}
		{B81162C8-B267-3A52-9287-A4F536173D89} = {B81162C8-B267-3A52-9287-A4F536173D89}
		{680A4A4B-0BDF-3BFC-925E-1837CD9276F0} = {680A4A4B-0BDF-3BFC-925E-1837CD9276F0}
		{0B2F4B48-81A2-3339-A3DB-4AFFFAD59D93} = {0B2F4B48-81A2-3339-A3DB-4AFFFAD59D93}
		{0C5E64BC-0559-301A-8144-A523620ADCC4} = {0C5E64BC-0559-301A-8144-A523620ADCC4}
		{D3A7CA9F-D041-369A-8BCA-DABF8DCE94BA} = {D3A7CA9F-D041-369A-8BCA-DABF8DCE94BA}
		{03EF1052-4E99-3980-BFAA-13B3D2E2CFF2} = {03EF1052-4E99-3980-BFAA-13B3D2E2CFF2}
		{7253DC6D-46DA-34F8-84A7-9DECBBB1D8C3} = {7253DC6D-46DA-34F8-84A7-9DECBBB1D8C3}
		{4EBEE2B3-64BC-3C68-A66A-16359AE439DD} = {4EBEE2B3-64BC-3C68-A66A-16359AE439DD}
		{4B1F92A9-9BA7-3D07-AF99-1C321E1417FD} = {4B1F92A9-9BA7-3D07-AF99-1C321E1417FD}
		{2C926309-90DB-3A85-8FDD-A6B05EABCD65} = {2C926309-90DB-3A85-8FDD-A6B05EABCD65}
		{440D0DB2-ADD6-3A54-8453-AE283F7C5D76} = {440D0DB2-ADD6-3A54-8453-AE283F7C5D76}
		{D25C56F4-10C9-3F62-92A3-F5139E20B64B} = {D25C56F4-10C9-3F62-92A3-F5139E20B64B}
		{AE0F7A36-57EF-37C0-9D3B-22B0600D4C01} = {AE0F7A36-57EF-37C0-9D3B-22B0600D4C01}
		{32B5C6AE-31A7-3B9E-BF37-11F237A30834} = {32B5C6AE-31A7-3B9E-BF37-11F237A30834}
	EndProjectSection
EndProject
Project("{8BC9CEB8-8B4A-11D0-8D11-00A0C91BC942}") = "Effekseer", "src\Effekseer\Effekseer.vcxproj", "{8A4E1A50-9085-3042-934A-D5429E5DA7FA}"
	ProjectSection(ProjectDependencies) = postProject
		{AE0F7A36-57EF-37C0-9D3B-22B0600D4C01} = {AE0F7A36-57EF-37C0-9D3B-22B0600D4C01}
	EndProjectSection
EndProject
Project("{8BC9CEB8-8B4A-11D0-8D11-00A0C91BC942}") = "EffekseerRendererCommon", "src\EffekseerRendererCommon\EffekseerRendererCommon.vcxproj", "{BC3FD2E4-3641-3E94-B87B-84BA261C10AA}"
	ProjectSection(ProjectDependencies) = postProject
		{8A4E1A50-9085-3042-934A-D5429E5DA7FA} = {8A4E1A50-9085-3042-934A-D5429E5DA7FA}
		{AE0F7A36-57EF-37C0-9D3B-22B0600D4C01} = {AE0F7A36-57EF-37C0-9D3B-22B0600D4C01}
	EndProjectSection
EndProject
Project("{8BC9CEB8-8B4A-11D0-8D11-00A0C91BC942}") = "EffekseerRendererDX11", "src\EffekseerRendererDX11\EffekseerRendererDX11.vcxproj", "{29EA1947-B999-396F-B7A6-76F34D610AAD}"
	ProjectSection(ProjectDependencies) = postProject
		{8A4E1A50-9085-3042-934A-D5429E5DA7FA} = {8A4E1A50-9085-3042-934A-D5429E5DA7FA}
		{BC3FD2E4-3641-3E94-B87B-84BA261C10AA} = {BC3FD2E4-3641-3E94-B87B-84BA261C10AA}
		{AE0F7A36-57EF-37C0-9D3B-22B0600D4C01} = {AE0F7A36-57EF-37C0-9D3B-22B0600D4C01}
	EndProjectSection
EndProject
Project("{8BC9CEB8-8B4A-11D0-8D11-00A0C91BC942}") = "EffekseerRendererDX12", "src\EffekseerRendererDX12\EffekseerRendererDX12.vcxproj", "{0E4C11E0-CCFF-3F17-92E5-F04D1FF59E68}"
	ProjectSection(ProjectDependencies) = postProject
		{8A4E1A50-9085-3042-934A-D5429E5DA7FA} = {8A4E1A50-9085-3042-934A-D5429E5DA7FA}
		{BC3FD2E4-3641-3E94-B87B-84BA261C10AA} = {BC3FD2E4-3641-3E94-B87B-84BA261C10AA}
		{FB3EFC20-D705-37E3-8698-B49D6BF858D1} = {FB3EFC20-D705-37E3-8698-B49D6BF858D1}
		{D25C56F4-10C9-3F62-92A3-F5139E20B64B} = {D25C56F4-10C9-3F62-92A3-F5139E20B64B}
		{AE0F7A36-57EF-37C0-9D3B-22B0600D4C01} = {AE0F7A36-57EF-37C0-9D3B-22B0600D4C01}
	EndProjectSection
EndProject
Project("{8BC9CEB8-8B4A-11D0-8D11-00A0C91BC942}") = "EffekseerRendererDX9", "src\EffekseerRendererDX9\EffekseerRendererDX9.vcxproj", "{8E244DA2-FFC4-379E-A692-28F0BA0A3145}"
	ProjectSection(ProjectDependencies) = postProject
		{8A4E1A50-9085-3042-934A-D5429E5DA7FA} = {8A4E1A50-9085-3042-934A-D5429E5DA7FA}
		{BC3FD2E4-3641-3E94-B87B-84BA261C10AA} = {BC3FD2E4-3641-3E94-B87B-84BA261C10AA}
		{AE0F7A36-57EF-37C0-9D3B-22B0600D4C01} = {AE0F7A36-57EF-37C0-9D3B-22B0600D4C01}
	EndProjectSection
EndProject
Project("{8BC9CEB8-8B4A-11D0-8D11-00A0C91BC942}") = "EffekseerRendererGL", "src\EffekseerRendererGL\EffekseerRendererGL.vcxproj", "{368286BD-6AE5-3794-A9CB-9A31BA49DF92}"
	ProjectSection(ProjectDependencies) = postProject
		{8A4E1A50-9085-3042-934A-D5429E5DA7FA} = {8A4E1A50-9085-3042-934A-D5429E5DA7FA}
		{BC3FD2E4-3641-3E94-B87B-84BA261C10AA} = {BC3FD2E4-3641-3E94-B87B-84BA261C10AA}
		{AE0F7A36-57EF-37C0-9D3B-22B0600D4C01} = {AE0F7A36-57EF-37C0-9D3B-22B0600D4C01}
	EndProjectSection
EndProject
Project("{8BC9CEB8-8B4A-11D0-8D11-00A0C91BC942}") = "EffekseerRendererLLGI", "src\EffekseerRendererLLGI\EffekseerRendererLLGI.vcxproj", "{FB3EFC20-D705-37E3-8698-B49D6BF858D1}"
	ProjectSection(ProjectDependencies) = postProject
		{8A4E1A50-9085-3042-934A-D5429E5DA7FA} = {8A4E1A50-9085-3042-934A-D5429E5DA7FA}
		{BC3FD2E4-3641-3E94-B87B-84BA261C10AA} = {BC3FD2E4-3641-3E94-B87B-84BA261C10AA}
		{D25C56F4-10C9-3F62-92A3-F5139E20B64B} = {D25C56F4-10C9-3F62-92A3-F5139E20B64B}
		{AE0F7A36-57EF-37C0-9D3B-22B0600D4C01} = {AE0F7A36-57EF-37C0-9D3B-22B0600D4C01}
	EndProjectSection
EndProject
Project("{8BC9CEB8-8B4A-11D0-8D11-00A0C91BC942}") = "EffekseerRendererVulkan", "src\EffekseerRendererVulkan\EffekseerRendererVulkan.vcxproj", "{CD472F22-48FF-3B39-B3B6-DC23172E24F1}"
	ProjectSection(ProjectDependencies) = postProject
		{8A4E1A50-9085-3042-934A-D5429E5DA7FA} = {8A4E1A50-9085-3042-934A-D5429E5DA7FA}
		{BC3FD2E4-3641-3E94-B87B-84BA261C10AA} = {BC3FD2E4-3641-3E94-B87B-84BA261C10AA}
		{FB3EFC20-D705-37E3-8698-B49D6BF858D1} = {FB3EFC20-D705-37E3-8698-B49D6BF858D1}
		{D25C56F4-10C9-3F62-92A3-F5139E20B64B} = {D25C56F4-10C9-3F62-92A3-F5139E20B64B}
		{AE0F7A36-57EF-37C0-9D3B-22B0600D4C01} = {AE0F7A36-57EF-37C0-9D3B-22B0600D4C01}
	EndProjectSection
EndProject
Project("{8BC9CEB8-8B4A-11D0-8D11-00A0C91BC942}") = "EffekseerSoundDSound", "src\EffekseerSoundDSound\EffekseerSoundDSound.vcxproj", "{58917FA3-E3AE-3476-B42C-8901830D09D1}"
	ProjectSection(ProjectDependencies) = postProject
		{8A4E1A50-9085-3042-934A-D5429E5DA7FA} = {8A4E1A50-9085-3042-934A-D5429E5DA7FA}
		{AE0F7A36-57EF-37C0-9D3B-22B0600D4C01} = {AE0F7A36-57EF-37C0-9D3B-22B0600D4C01}
	EndProjectSection
EndProject
Project("{8BC9CEB8-8B4A-11D0-8D11-00A0C91BC942}") = "EffekseerSoundXAudio2", "src\EffekseerSoundXAudio2\EffekseerSoundXAudio2.vcxproj", "{0D68AEB1-7C66-354F-944C-A43000C5344F}"
	ProjectSection(ProjectDependencies) = postProject
		{8A4E1A50-9085-3042-934A-D5429E5DA7FA} = {8A4E1A50-9085-3042-934A-D5429E5DA7FA}
		{AE0F7A36-57EF-37C0-9D3B-22B0600D4C01} = {AE0F7A36-57EF-37C0-9D3B-22B0600D4C01}
	EndProjectSection
EndProject
Project("{8BC9CEB8-8B4A-11D0-8D11-00A0C91BC942}") = "Example_CustomAsyncLoader", "Examples\CustomAsyncLoader\Example_CustomAsyncLoader.vcxproj", "{93CB095C-6EE0-36AD-8E77-E15BC81FA05C}"
	ProjectSection(ProjectDependencies) = postProject
		{8A4E1A50-9085-3042-934A-D5429E5DA7FA} = {8A4E1A50-9085-3042-934A-D5429E5DA7FA}
		{BC3FD2E4-3641-3E94-B87B-84BA261C10AA} = {BC3FD2E4-3641-3E94-B87B-84BA261C10AA}
		{29EA1947-B999-396F-B7A6-76F34D610AAD} = {29EA1947-B999-396F-B7A6-76F34D610AAD}
		{8E244DA2-FFC4-379E-A692-28F0BA0A3145} = {8E244DA2-FFC4-379E-A692-28F0BA0A3145}
		{368286BD-6AE5-3794-A9CB-9A31BA49DF92} = {368286BD-6AE5-3794-A9CB-9A31BA49DF92}
		{0D68AEB1-7C66-354F-944C-A43000C5344F} = {0D68AEB1-7C66-354F-944C-A43000C5344F}
		{2C926309-90DB-3A85-8FDD-A6B05EABCD65} = {2C926309-90DB-3A85-8FDD-A6B05EABCD65}
		{AE0F7A36-57EF-37C0-9D3B-22B0600D4C01} = {AE0F7A36-57EF-37C0-9D3B-22B0600D4C01}
		{32B5C6AE-31A7-3B9E-BF37-11F237A30834} = {32B5C6AE-31A7-3B9E-BF37-11F237A30834}
	EndProjectSection
EndProject
Project("{8BC9CEB8-8B4A-11D0-8D11-00A0C91BC942}") = "Example_CustomLoader", "Examples\CustomLoader\Example_CustomLoader.vcxproj", "{9712597C-CA15-329F-9878-4CF18F9DA985}"
	ProjectSection(ProjectDependencies) = postProject
		{8A4E1A50-9085-3042-934A-D5429E5DA7FA} = {8A4E1A50-9085-3042-934A-D5429E5DA7FA}
		{BC3FD2E4-3641-3E94-B87B-84BA261C10AA} = {BC3FD2E4-3641-3E94-B87B-84BA261C10AA}
		{29EA1947-B999-396F-B7A6-76F34D610AAD} = {29EA1947-B999-396F-B7A6-76F34D610AAD}
		{8E244DA2-FFC4-379E-A692-28F0BA0A3145} = {8E244DA2-FFC4-379E-A692-28F0BA0A3145}
		{368286BD-6AE5-3794-A9CB-9A31BA49DF92} = {368286BD-6AE5-3794-A9CB-9A31BA49DF92}
		{0D68AEB1-7C66-354F-944C-A43000C5344F} = {0D68AEB1-7C66-354F-944C-A43000C5344F}
		{2C926309-90DB-3A85-8FDD-A6B05EABCD65} = {2C926309-90DB-3A85-8FDD-A6B05EABCD65}
		{AE0F7A36-57EF-37C0-9D3B-22B0600D4C01} = {AE0F7A36-57EF-37C0-9D3B-22B0600D4C01}
		{32B5C6AE-31A7-3B9E-BF37-11F237A30834} = {32B5C6AE-31A7-3B9E-BF37-11F237A30834}
	EndProjectSection
EndProject
Project("{8BC9CEB8-8B4A-11D0-8D11-00A0C91BC942}") = "Example_DirectX11", "Examples\DirectX11\Example_DirectX11.vcxproj", "{4E4E074E-4D35-3AEA-9609-A8F9CCB84913}"
	ProjectSection(ProjectDependencies) = postProject
		{8A4E1A50-9085-3042-934A-D5429E5DA7FA} = {8A4E1A50-9085-3042-934A-D5429E5DA7FA}
		{BC3FD2E4-3641-3E94-B87B-84BA261C10AA} = {BC3FD2E4-3641-3E94-B87B-84BA261C10AA}
		{29EA1947-B999-396F-B7A6-76F34D610AAD} = {29EA1947-B999-396F-B7A6-76F34D610AAD}
		{0D68AEB1-7C66-354F-944C-A43000C5344F} = {0D68AEB1-7C66-354F-944C-A43000C5344F}
		{2C926309-90DB-3A85-8FDD-A6B05EABCD65} = {2C926309-90DB-3A85-8FDD-A6B05EABCD65}
		{AE0F7A36-57EF-37C0-9D3B-22B0600D4C01} = {AE0F7A36-57EF-37C0-9D3B-22B0600D4C01}
	EndProjectSection
EndProject
Project("{8BC9CEB8-8B4A-11D0-8D11-00A0C91BC942}") = "Example_DirectX12", "Examples\DirectX12\Example_DirectX12.vcxproj", "{F7923FC8-8FD0-3CFE-A59C-FFA3C527DED7}"
	ProjectSection(ProjectDependencies) = postProject
		{8A4E1A50-9085-3042-934A-D5429E5DA7FA} = {8A4E1A50-9085-3042-934A-D5429E5DA7FA}
		{BC3FD2E4-3641-3E94-B87B-84BA261C10AA} = {BC3FD2E4-3641-3E94-B87B-84BA261C10AA}
		{0E4C11E0-CCFF-3F17-92E5-F04D1FF59E68} = {0E4C11E0-CCFF-3F17-92E5-F04D1FF59E68}
		{FB3EFC20-D705-37E3-8698-B49D6BF858D1} = {FB3EFC20-D705-37E3-8698-B49D6BF858D1}
		{0D68AEB1-7C66-354F-944C-A43000C5344F} = {0D68AEB1-7C66-354F-944C-A43000C5344F}
		{2C926309-90DB-3A85-8FDD-A6B05EABCD65} = {2C926309-90DB-3A85-8FDD-A6B05EABCD65}
		{D25C56F4-10C9-3F62-92A3-F5139E20B64B} = {D25C56F4-10C9-3F62-92A3-F5139E20B64B}
		{AE0F7A36-57EF-37C0-9D3B-22B0600D4C01} = {AE0F7A36-57EF-37C0-9D3B-22B0600D4C01}
	EndProjectSection
EndProject
Project("{8BC9CEB8-8B4A-11D0-8D11-00A0C91BC942}") = "Example_DirectX9", "Examples\DirectX9\Example_DirectX9.vcxproj", "{B81162C8-B267-3A52-9287-A4F536173D89}"
	ProjectSection(ProjectDependencies) = postProject
		{8A4E1A50-9085-3042-934A-D5429E5DA7FA} = {8A4E1A50-9085-3042-934A-D5429E5DA7FA}
		{BC3FD2E4-3641-3E94-B87B-84BA261C10AA} = {BC3FD2E4-3641-3E94-B87B-84BA261C10AA}
		{8E244DA2-FFC4-379E-A692-28F0BA0A3145} = {8E244DA2-FFC4-379E-A692-28F0BA0A3145}
		{0D68AEB1-7C66-354F-944C-A43000C5344F} = {0D68AEB1-7C66-354F-944C-A43000C5344F}
		{2C926309-90DB-3A85-8FDD-A6B05EABCD65} = {2C926309-90DB-3A85-8FDD-A6B05EABCD65}
		{AE0F7A36-57EF-37C0-9D3B-22B0600D4C01} = {AE0F7A36-57EF-37C0-9D3B-22B0600D4C01}
	EndProjectSection
EndProject
Project("{8BC9CEB8-8B4A-11D0-8D11-00A0C91BC942}") = "Example_Distortion", "Examples\Distortion\Example_Distortion.vcxproj", "{680A4A4B-0BDF-3BFC-925E-1837CD9276F0}"
	ProjectSection(ProjectDependencies) = postProject
		{8A4E1A50-9085-3042-934A-D5429E5DA7FA} = {8A4E1A50-9085-3042-934A-D5429E5DA7FA}
		{BC3FD2E4-3641-3E94-B87B-84BA261C10AA} = {BC3FD2E4-3641-3E94-B87B-84BA261C10AA}
		{29EA1947-B999-396F-B7A6-76F34D610AAD} = {29EA1947-B999-396F-B7A6-76F34D610AAD}
		{8E244DA2-FFC4-379E-A692-28F0BA0A3145} = {8E244DA2-FFC4-379E-A692-28F0BA0A3145}
		{368286BD-6AE5-3794-A9CB-9A31BA49DF92} = {368286BD-6AE5-3794-A9CB-9A31BA49DF92}
		{0D68AEB1-7C66-354F-944C-A43000C5344F} = {0D68AEB1-7C66-354F-944C-A43000C5344F}
		{2C926309-90DB-3A85-8FDD-A6B05EABCD65} = {2C926309-90DB-3A85-8FDD-A6B05EABCD65}
		{AE0F7A36-57EF-37C0-9D3B-22B0600D4C01} = {AE0F7A36-57EF-37C0-9D3B-22B0600D4C01}
		{32B5C6AE-31A7-3B9E-BF37-11F237A30834} = {32B5C6AE-31A7-3B9E-BF37-11F237A30834}
	EndProjectSection
EndProject
Project("{8BC9CEB8-8B4A-11D0-8D11-00A0C91BC942}") = "Example_GpuParticles", "Examples\GpuParticles\Example_GpuParticles.vcxproj", "{0B2F4B48-81A2-3339-A3DB-4AFFFAD59D93}"
	ProjectSection(ProjectDependencies) = postProject
		{8A4E1A50-9085-3042-934A-D5429E5DA7FA} = {8A4E1A50-9085-3042-934A-D5429E5DA7FA}
		{BC3FD2E4-3641-3E94-B87B-84BA261C10AA} = {BC3FD2E4-3641-3E94-B87B-84BA261C10AA}
		{29EA1947-B999-396F-B7A6-76F34D610AAD} = {29EA1947-B999-396F-B7A6-76F34D610AAD}
		{0E4C11E0-CCFF-3F17-92E5-F04D1FF59E68} = {0E4C11E0-CCFF-3F17-92E5-F04D1FF59E68}
		{368286BD-6AE5-3794-A9CB-9A31BA49DF92} = {368286BD-6AE5-3794-A9CB-9A31BA49DF92}
		{FB3EFC20-D705-37E3-8698-B49D6BF858D1} = {FB3EFC20-D705-37E3-8698-B49D6BF858D1}
		{CD472F22-48FF-3B39-B3B6-DC23172E24F1} = {CD472F22-48FF-3B39-B3B6-DC23172E24F1}
		{0D68AEB1-7C66-354F-944C-A43000C5344F} = {0D68AEB1-7C66-354F-944C-A43000C5344F}
		{2C926309-90DB-3A85-8FDD-A6B05EABCD65} = {2C926309-90DB-3A85-8FDD-A6B05EABCD65}
		{D25C56F4-10C9-3F62-92A3-F5139E20B64B} = {D25C56F4-10C9-3F62-92A3-F5139E20B64B}
		{AE0F7A36-57EF-37C0-9D3B-22B0600D4C01} = {AE0F7A36-57EF-37C0-9D3B-22B0600D4C01}
		{32B5C6AE-31A7-3B9E-BF37-11F237A30834} = {32B5C6AE-31A7-3B9E-BF37-11F237A30834}
	EndProjectSection
EndProject
Project("{8BC9CEB8-8B4A-11D0-8D11-00A0C91BC942}") = "Example_Multithread", "Examples\Multithread\Example_Multithread.vcxproj", "{0C5E64BC-0559-301A-8144-A523620ADCC4}"
	ProjectSection(ProjectDependencies) = postProject
		{8A4E1A50-9085-3042-934A-D5429E5DA7FA} = {8A4E1A50-9085-3042-934A-D5429E5DA7FA}
		{BC3FD2E4-3641-3E94-B87B-84BA261C10AA} = {BC3FD2E4-3641-3E94-B87B-84BA261C10AA}
		{8E244DA2-FFC4-379E-A692-28F0BA0A3145} = {8E244DA2-FFC4-379E-A692-28F0BA0A3145}
		{368286BD-6AE5-3794-A9CB-9A31BA49DF92} = {368286BD-6AE5-3794-A9CB-9A31BA49DF92}
		{0D68AEB1-7C66-354F-944C-A43000C5344F} = {0D68AEB1-7C66-354F-944C-A43000C5344F}
		{AE0F7A36-57EF-37C0-9D3B-22B0600D4C01} = {AE0F7A36-57EF-37C0-9D3B-22B0600D4C01}
	EndProjectSection
EndProject
Project("{8BC9CEB8-8B4A-11D0-8D11-00A0C91BC942}") = "Example_NetworkClient", "Examples\NetworkClient\Example_NetworkClient.vcxproj", "{D3A7CA9F-D041-369A-8BCA-DABF8DCE94BA}"
	ProjectSection(ProjectDependencies) = postProject
		{8A4E1A50-9085-3042-934A-D5429E5DA7FA} = {8A4E1A50-9085-3042-934A-D5429E5DA7FA}
		{BC3FD2E4-3641-3E94-B87B-84BA261C10AA} = {BC3FD2E4-3641-3E94-B87B-84BA261C10AA}
		{368286BD-6AE5-3794-A9CB-9A31BA49DF92} = {368286BD-6AE5-3794-A9CB-9A31BA49DF92}
		{2C926309-90DB-3A85-8FDD-A6B05EABCD65} = {2C926309-90DB-3A85-8FDD-A6B05EABCD65}
		{AE0F7A36-57EF-37C0-9D3B-22B0600D4C01} = {AE0F7A36-57EF-37C0-9D3B-22B0600D4C01}
		{32B5C6AE-31A7-3B9E-BF37-11F237A30834} = {32B5C6AE-31A7-3B9E-BF37-11F237A30834}
	EndProjectSection
EndProject
Project("{8BC9CEB8-8B4A-11D0-8D11-00A0C91BC942}") = "Example_NetworkServer", "Examples\NetworkServer\Example_NetworkServer.vcxproj", "{03EF1052-4E99-3980-BFAA-13B3D2E2CFF2}"
	ProjectSection(ProjectDependencies) = postProject
		{8A4E1A50-9085-3042-934A-D5429E5DA7FA} = {8A4E1A50-9085-3042-934A-D5429E5DA7FA}
		{BC3FD2E4-3641-3E94-B87B-84BA261C10AA} = {BC3FD2E4-3641-3E94-B87B-84BA261C10AA}
		{29EA1947-B999-396F-B7A6-76F34D610AAD} = {29EA1947-B999-396F-B7A6-76F34D610AAD}
		{0E4C11E0-CCFF-3F17-92E5-F04D1FF59E68} = {0E4C11E0-CCFF-3F17-92E5-F04D1FF59E68}
		{8E244DA2-FFC4-379E-A692-28F0BA0A3145} = {8E244DA2-FFC4-379E-A692-28F0BA0A3145}
		{368286BD-6AE5-3794-A9CB-9A31BA49DF92} = {368286BD-6AE5-3794-A9CB-9A31BA49DF92}
		{FB3EFC20-D705-37E3-8698-B49D6BF858D1} = {FB3EFC20-D705-37E3-8698-B49D6BF858D1}
		{CD472F22-48FF-3B39-B3B6-DC23172E24F1} = {CD472F22-48FF-3B39-B3B6-DC23172E24F1}
		{0D68AEB1-7C66-354F-944C-A43000C5344F} = {0D68AEB1-7C66-354F-944C-A43000C5344F}
		{2C926309-90DB-3A85-8FDD-A6B05EABCD65} = {2C926309-90DB-3A85-8FDD-A6B05EABCD65}
		{D25C56F4-10C9-3F62-92A3-F5139E20B64B} = {D25C56F4-10C9-3F62-92A3-F5139E20B64B}
		{AE0F7A36-57EF-37C0-9D3B-22B0600D4C01} = {AE0F7A36-57EF-37C0-9D3B-22B0600D4C01}
		{32B5C6AE-31A7-3B9E-BF37-11F237A30834} = {32B5C6AE-31A7-3B9E-BF37-11F237A30834}
	EndProjectSection
EndProject
Project("{8BC9CEB8-8B4A-11D0-8D11-00A0C91BC942}") = "Example_OpenGL", "Examples\OpenGL\Example_OpenGL.vcxproj", "{7253DC6D-46DA-34F8-84A7-9DECBBB1D8C3}"
	ProjectSection(ProjectDependencies) = postProject
		{8A4E1A50-9085-3042-934A-D5429E5DA7FA} = {8A4E1A50-9085-3042-934A-D5429E5DA7FA}
		{BC3FD2E4-3641-3E94-B87B-84BA261C10AA} = {BC3FD2E4-3641-3E94-B87B-84BA261C10AA}
		{368286BD-6AE5-3794-A9CB-9A31BA49DF92} = {368286BD-6AE5-3794-A9CB-9A31BA49DF92}
		{2C926309-90DB-3A85-8FDD-A6B05EABCD65} = {2C926309-90DB-3A85-8FDD-A6B05EABCD65}
		{AE0F7A36-57EF-37C0-9D3B-22B0600D4C01} = {AE0F7A36-57EF-37C0-9D3B-22B0600D4C01}
		{32B5C6AE-31A7-3B9E-BF37-11F237A30834} = {32B5C6AE-31A7-3B9E-BF37-11F237A30834}
	EndProjectSection
EndProject
Project("{8BC9CEB8-8B4A-11D0-8D11-00A0C91BC942}") = "Example_SortHandle", "Examples\SortHandle\Example_SortHandle.vcxproj", "{4EBEE2B3-64BC-3C68-A66A-16359AE439DD}"
	ProjectSection(ProjectDependencies) = postProject
		{8A4E1A50-9085-3042-934A-D5429E5DA7FA} = {8A4E1A50-9085-3042-934A-D5429E5DA7FA}
		{BC3FD2E4-3641-3E94-B87B-84BA261C10AA} = {BC3FD2E4-3641-3E94-B87B-84BA261C10AA}
		{29EA1947-B999-396F-B7A6-76F34D610AAD} = {29EA1947-B999-396F-B7A6-76F34D610AAD}
		{8E244DA2-FFC4-379E-A692-28F0BA0A3145} = {8E244DA2-FFC4-379E-A692-28F0BA0A3145}
		{368286BD-6AE5-3794-A9CB-9A31BA49DF92} = {368286BD-6AE5-3794-A9CB-9A31BA49DF92}
		{0D68AEB1-7C66-354F-944C-A43000C5344F} = {0D68AEB1-7C66-354F-944C-A43000C5344F}
		{2C926309-90DB-3A85-8FDD-A6B05EABCD65} = {2C926309-90DB-3A85-8FDD-A6B05EABCD65}
		{AE0F7A36-57EF-37C0-9D3B-22B0600D4C01} = {AE0F7A36-57EF-37C0-9D3B-22B0600D4C01}
		{32B5C6AE-31A7-3B9E-BF37-11F237A30834} = {32B5C6AE-31A7-3B9E-BF37-11F237A30834}
	EndProjectSection
EndProject
Project("{8BC9CEB8-8B4A-11D0-8D11-00A0C91BC942}") = "Example_Trigger", "Examples\Trigger\Example_Trigger.vcxproj", "{4B1F92A9-9BA7-3D07-AF99-1C321E1417FD}"
	ProjectSection(ProjectDependencies) = postProject
		{8A4E1A50-9085-3042-934A-D5429E5DA7FA} = {8A4E1A50-9085-3042-934A-D5429E5DA7FA}
		{BC3FD2E4-3641-3E94-B87B-84BA261C10AA} = {BC3FD2E4-3641-3E94-B87B-84BA261C10AA}
		{29EA1947-B999-396F-B7A6-76F34D610AAD} = {29EA1947-B999-396F-B7A6-76F34D610AAD}
		{8E244DA2-FFC4-379E-A692-28F0BA0A3145} = {8E244DA2-FFC4-379E-A692-28F0BA0A3145}
		{368286BD-6AE5-3794-A9CB-9A31BA49DF92} = {368286BD-6AE5-3794-A9CB-9A31BA49DF92}
		{0D68AEB1-7C66-354F-944C-A43000C5344F} = {0D68AEB1-7C66-354F-944C-A43000C5344F}
		{2C926309-90DB-3A85-8FDD-A6B05EABCD65} = {2C926309-90DB-3A85-8FDD-A6B05EABCD65}
		{AE0F7A36-57EF-37C0-9D3B-22B0600D4C01} = {AE0F7A36-57EF-37C0-9D3B-22B0600D4C01}
		{32B5C6AE-31A7-3B9E-BF37-11F237A30834} = {32B5C6AE-31A7-3B9E-BF37-11F237A30834}
	EndProjectSection
EndProject
Project("{8BC9CEB8-8B4A-11D0-8D11-00A0C91BC942}") = "Example_Utils", "Examples\Utils\Example_Utils.vcxproj", "{2C926309-90DB-3A85-8FDD-A6B05EABCD65}"
	ProjectSection(ProjectDependencies) = postProject
		{AE0F7A36-57EF-37C0-9D3B-22B0600D4C01} = {AE0F7A36-57EF-37C0-9D3B-22B0600D4C01}
	EndProjectSection
EndProject
Project("{8BC9CEB8-8B4A-11D0-8D11-00A0C91BC942}") = "Example_Vulkan", "Examples\Vulkan\Example_Vulkan.vcxproj", "{440D0DB2-ADD6-3A54-8453-AE283F7C5D76}"
	ProjectSection(ProjectDependencies) = postProject
		{8A4E1A50-9085-3042-934A-D5429E5DA7FA} = {8A4E1A50-9085-3042-934A-D5429E5DA7FA}
		{BC3FD2E4-3641-3E94-B87B-84BA261C10AA} = {BC3FD2E4-3641-3E94-B87B-84BA261C10AA}
		{FB3EFC20-D705-37E3-8698-B49D6BF858D1} = {FB3EFC20-D705-37E3-8698-B49D6BF858D1}
		{CD472F22-48FF-3B39-B3B6-DC23172E24F1} = {CD472F22-48FF-3B39-B3B6-DC23172E24F1}
		{2C926309-90DB-3A85-8FDD-A6B05EABCD65} = {2C926309-90DB-3A85-8FDD-A6B05EABCD65}
		{D25C56F4-10C9-3F62-92A3-F5139E20B64B} = {D25C56F4-10C9-3F62-92A3-F5139E20B64B}
		{AE0F7A36-57EF-37C0-9D3B-22B0600D4C01} = {AE0F7A36-57EF-37C0-9D3B-22B0600D4C01}
	EndProjectSection
EndProject
Project("{8BC9CEB8-8B4A-11D0-8D11-00A0C91BC942}") = "INSTALL", "INSTALL.vcxproj", "{79501B9F-23BA-3751-8174-7A2654A6784B}"
	ProjectSection(ProjectDependencies) = postProject
		{29688545-C4B0-3790-A637-B08E59275E1C} = {29688545-C4B0-3790-A637-B08E59275E1C}
		{AE0F7A36-57EF-37C0-9D3B-22B0600D4C01} = {AE0F7A36-57EF-37C0-9D3B-22B0600D4C01}
	EndProjectSection
EndProject
Project("{8BC9CEB8-8B4A-11D0-8D11-00A0C91BC942}") = "LLGI", "src\3rdParty\LLGI\src\LLGI.vcxproj", "{D25C56F4-10C9-3F62-92A3-F5139E20B64B}"
	ProjectSection(ProjectDependencies) = postProject
		{AE0F7A36-57EF-37C0-9D3B-22B0600D4C01} = {AE0F7A36-57EF-37C0-9D3B-22B0600D4C01}
	EndProjectSection
EndProject
Project("{8BC9CEB8-8B4A-11D0-8D11-00A0C91BC942}") = "ZERO_CHECK", "ZERO_CHECK.vcxproj", "{AE0F7A36-57EF-37C0-9D3B-22B0600D4C01}"
	ProjectSection(ProjectDependencies) = postProject
	EndProjectSection
EndProject
Project("{8BC9CEB8-8B4A-11D0-8D11-00A0C91BC942}") = "glfw", "Examples\Utils\glfw\src\glfw.vcxproj", "{32B5C6AE-31A7-3B9E-BF37-11F237A30834}"
	ProjectSection(ProjectDependencies) = postProject
		{AE0F7A36-57EF-37C0-9D3B-22B0600D4C01} = {AE0F7A36-57EF-37C0-9D3B-22B0600D4C01}
	EndProjectSection
EndProject
Project("{8BC9CEB8-8B4A-11D0-8D11-00A0C91BC942}") = "uninstall", "Examples\Utils\glfw\uninstall.vcxproj", "{0DD005C1-C5C5-35DF-B4CA-3309EA86E19D}"
	ProjectSection(ProjectDependencies) = postProject
		{AE0F7A36-57EF-37C0-9D3B-22B0600D4C01} = {AE0F7A36-57EF-37C0-9D3B-22B0600D4C01}
	EndProjectSection
EndProject
Global
	GlobalSection(SolutionConfigurationPlatforms) = preSolution
		Debug|x64 = Debug|x64
		Release|x64 = Release|x64
		MinSizeRel|x64 = MinSizeRel|x64
		RelWithDebInfo|x64 = RelWithDebInfo|x64
	EndGlobalSection
	GlobalSection(ProjectConfigurationPlatforms) = postSolution
		{29688545-C4B0-3790-A637-B08E59275E1C}.Debug|x64.ActiveCfg = Debug|x64
		{29688545-C4B0-3790-A637-B08E59275E1C}.Debug|x64.Build.0 = Debug|x64
		{29688545-C4B0-3790-A637-B08E59275E1C}.Release|x64.ActiveCfg = Release|x64
		{29688545-C4B0-3790-A637-B08E59275E1C}.Release|x64.Build.0 = Release|x64
		{29688545-C4B0-3790-A637-B08E59275E1C}.MinSizeRel|x64.ActiveCfg = MinSizeRel|x64
		{29688545-C4B0-3790-A637-B08E59275E1C}.MinSizeRel|x64.Build.0 = MinSizeRel|x64
		{29688545-C4B0-3790-A637-B08E59275E1C}.RelWithDebInfo|x64.ActiveCfg = RelWithDebInfo|x64
		{29688545-C4B0-3790-A637-B08E59275E1C}.RelWithDebInfo|x64.Build.0 = RelWithDebInfo|x64
		{8A4E1A50-9085-3042-934A-D5429E5DA7FA}.Debug|x64.ActiveCfg = Debug|x64
		{8A4E1A50-9085-3042-934A-D5429E5DA7FA}.Debug|x64.Build.0 = Debug|x64
		{8A4E1A50-9085-3042-934A-D5429E5DA7FA}.Release|x64.ActiveCfg = Release|x64
		{8A4E1A50-9085-3042-934A-D5429E5DA7FA}.Release|x64.Build.0 = Release|x64
		{8A4E1A50-9085-3042-934A-D5429E5DA7FA}.MinSizeRel|x64.ActiveCfg = MinSizeRel|x64
		{8A4E1A50-9085-3042-934A-D5429E5DA7FA}.MinSizeRel|x64.Build.0 = MinSizeRel|x64
		{8A4E1A50-9085-3042-934A-D5429E5DA7FA}.RelWithDebInfo|x64.ActiveCfg = RelWithDebInfo|x64
		{8A4E1A50-9085-3042-934A-D5429E5DA7FA}.RelWithDebInfo|x64.Build.0 = RelWithDebInfo|x64
		{BC3FD2E4-3641-3E94-B87B-84BA261C10AA}.Debug|x64.ActiveCfg = Debug|x64
		{BC3FD2E4-3641-3E94-B87B-84BA261C10AA}.Debug|x64.Build.0 = Debug|x64
		{BC3FD2E4-3641-3E94-B87B-84BA261C10AA}.Release|x64.ActiveCfg = Release|x64
		{BC3FD2E4-3641-3E94-B87B-84BA261C10AA}.Release|x64.Build.0 = Release|x64
		{BC3FD2E4-3641-3E94-B87B-84BA261C10AA}.MinSizeRel|x64.ActiveCfg = MinSizeRel|x64
		{BC3FD2E4-3641-3E94-B87B-84BA261C10AA}.MinSizeRel|x64.Build.0 = MinSizeRel|x64
		{BC3FD2E4-3641-3E94-B87B-84BA261C10AA}.RelWithDebInfo|x64.ActiveCfg = RelWithDebInfo|x64
		{BC3FD2E4-3641-3E94-B87B-84BA261C10AA}.RelWithDebInfo|x64.Build.0 = RelWithDebInfo|x64
		{29EA1947-B999-396F-B7A6-76F34D610AAD}.Debug|x64.ActiveCfg = Debug|x64
		{29EA1947-B999-396F-B7A6-76F34D610AAD}.Debug|x64.Build.0 = Debug|x64
		{29EA1947-B999-396F-B7A6-76F34D610AAD}.Release|x64.ActiveCfg = Release|x64
		{29EA1947-B999-396F-B7A6-76F34D610AAD}.Release|x64.Build.0 = Release|x64
		{29EA1947-B999-396F-B7A6-76F34D610AAD}.MinSizeRel|x64.ActiveCfg = MinSizeRel|x64
		{29EA1947-B999-396F-B7A6-76F34D610AAD}.MinSizeRel|x64.Build.0 = MinSizeRel|x64
		{29EA1947-B999-396F-B7A6-76F34D610AAD}.RelWithDebInfo|x64.ActiveCfg = RelWithDebInfo|x64
		{29EA1947-B999-396F-B7A6-76F34D610AAD}.RelWithDebInfo|x64.Build.0 = RelWithDebInfo|x64
		{0E4C11E0-CCFF-3F17-92E5-F04D1FF59E68}.Debug|x64.ActiveCfg = Debug|x64
		{0E4C11E0-CCFF-3F17-92E5-F04D1FF59E68}.Debug|x64.Build.0 = Debug|x64
		{0E4C11E0-CCFF-3F17-92E5-F04D1FF59E68}.Release|x64.ActiveCfg = Release|x64
		{0E4C11E0-CCFF-3F17-92E5-F04D1FF59E68}.Release|x64.Build.0 = Release|x64
		{0E4C11E0-CCFF-3F17-92E5-F04D1FF59E68}.MinSizeRel|x64.ActiveCfg = MinSizeRel|x64
		{0E4C11E0-CCFF-3F17-92E5-F04D1FF59E68}.MinSizeRel|x64.Build.0 = MinSizeRel|x64
		{0E4C11E0-CCFF-3F17-92E5-F04D1FF59E68}.RelWithDebInfo|x64.ActiveCfg = RelWithDebInfo|x64
		{0E4C11E0-CCFF-3F17-92E5-F04D1FF59E68}.RelWithDebInfo|x64.Build.0 = RelWithDebInfo|x64
		{8E244DA2-FFC4-379E-A692-28F0BA0A3145}.Debug|x64.ActiveCfg = Debug|x64
		{8E244DA2-FFC4-379E-A692-28F0BA0A3145}.Debug|x64.Build.0 = Debug|x64
		{8E244DA2-FFC4-379E-A692-28F0BA0A3145}.Release|x64.ActiveCfg = Release|x64
		{8E244DA2-FFC4-379E-A692-28F0BA0A3145}.Release|x64.Build.0 = Release|x64
		{8E244DA2-FFC4-379E-A692-28F0BA0A3145}.MinSizeRel|x64.ActiveCfg = MinSizeRel|x64
		{8E244DA2-FFC4-379E-A692-28F0BA0A3145}.MinSizeRel|x64.Build.0 = MinSizeRel|x64
		{8E244DA2-FFC4-379E-A692-28F0BA0A3145}.RelWithDebInfo|x64.ActiveCfg = RelWithDebInfo|x64
		{8E244DA2-FFC4-379E-A692-28F0BA0A3145}.RelWithDebInfo|x64.Build.0 = RelWithDebInfo|x64
		{368286BD-6AE5-3794-A9CB-9A31BA49DF92}.Debug|x64.ActiveCfg = Debug|x64
		{368286BD-6AE5-3794-A9CB-9A31BA49DF92}.Debug|x64.Build.0 = Debug|x64
		{368286BD-6AE5-3794-A9CB-9A31BA49DF92}.Release|x64.ActiveCfg = Release|x64
		{368286BD-6AE5-3794-A9CB-9A31BA49DF92}.Release|x64.Build.0 = Release|x64
		{368286BD-6AE5-3794-A9CB-9A31BA49DF92}.MinSizeRel|x64.ActiveCfg = MinSizeRel|x64
		{368286BD-6AE5-3794-A9CB-9A31BA49DF92}.MinSizeRel|x64.Build.0 = MinSizeRel|x64
		{368286BD-6AE5-3794-A9CB-9A31BA49DF92}.RelWithDebInfo|x64.ActiveCfg = RelWithDebInfo|x64
		{368286BD-6AE5-3794-A9CB-9A31BA49DF92}.RelWithDebInfo|x64.Build.0 = RelWithDebInfo|x64
		{FB3EFC20-D705-37E3-8698-B49D6BF858D1}.Debug|x64.ActiveCfg = Debug|x64
		{FB3EFC20-D705-37E3-8698-B49D6BF858D1}.Debug|x64.Build.0 = Debug|x64
		{FB3EFC20-D705-37E3-8698-B49D6BF858D1}.Release|x64.ActiveCfg = Release|x64
		{FB3EFC20-D705-37E3-8698-B49D6BF858D1}.Release|x64.Build.0 = Release|x64
		{FB3EFC20-D705-37E3-8698-B49D6BF858D1}.MinSizeRel|x64.ActiveCfg = MinSizeRel|x64
		{FB3EFC20-D705-37E3-8698-B49D6BF858D1}.MinSizeRel|x64.Build.0 = MinSizeRel|x64
		{FB3EFC20-D705-37E3-8698-B49D6BF858D1}.RelWithDebInfo|x64.ActiveCfg = RelWithDebInfo|x64
		{FB3EFC20-D705-37E3-8698-B49D6BF858D1}.RelWithDebInfo|x64.Build.0 = RelWithDebInfo|x64
		{CD472F22-48FF-3B39-B3B6-DC23172E24F1}.Debug|x64.ActiveCfg = Debug|x64
		{CD472F22-48FF-3B39-B3B6-DC23172E24F1}.Debug|x64.Build.0 = Debug|x64
		{CD472F22-48FF-3B39-B3B6-DC23172E24F1}.Release|x64.ActiveCfg = Release|x64
		{CD472F22-48FF-3B39-B3B6-DC23172E24F1}.Release|x64.Build.0 = Release|x64
		{CD472F22-48FF-3B39-B3B6-DC23172E24F1}.MinSizeRel|x64.ActiveCfg = MinSizeRel|x64
		{CD472F22-48FF-3B39-B3B6-DC23172E24F1}.MinSizeRel|x64.Build.0 = MinSizeRel|x64
		{CD472F22-48FF-3B39-B3B6-DC23172E24F1}.RelWithDebInfo|x64.ActiveCfg = RelWithDebInfo|x64
		{CD472F22-48FF-3B39-B3B6-DC23172E24F1}.RelWithDebInfo|x64.Build.0 = RelWithDebInfo|x64
		{58917FA3-E3AE-3476-B42C-8901830D09D1}.Debug|x64.ActiveCfg = Debug|x64
		{58917FA3-E3AE-3476-B42C-8901830D09D1}.Debug|x64.Build.0 = Debug|x64
		{58917FA3-E3AE-3476-B42C-8901830D09D1}.Release|x64.ActiveCfg = Release|x64
		{58917FA3-E3AE-3476-B42C-8901830D09D1}.Release|x64.Build.0 = Release|x64
		{58917FA3-E3AE-3476-B42C-8901830D09D1}.MinSizeRel|x64.ActiveCfg = MinSizeRel|x64
		{58917FA3-E3AE-3476-B42C-8901830D09D1}.MinSizeRel|x64.Build.0 = MinSizeRel|x64
		{58917FA3-E3AE-3476-B42C-8901830D09D1}.RelWithDebInfo|x64.ActiveCfg = RelWithDebInfo|x64
		{58917FA3-E3AE-3476-B42C-8901830D09D1}.RelWithDebInfo|x64.Build.0 = RelWithDebInfo|x64
		{0D68AEB1-7C66-354F-944C-A43000C5344F}.Debug|x64.ActiveCfg = Debug|x64
		{0D68AEB1-7C66-354F-944C-A43000C5344F}.Debug|x64.Build.0 = Debug|x64
		{0D68AEB1-7C66-354F-944C-A43000C5344F}.Release|x64.ActiveCfg = Release|x64
		{0D68AEB1-7C66-354F-944C-A43000C5344F}.Release|x64.Build.0 = Release|x64
		{0D68AEB1-7C66-354F-944C-A43000C5344F}.MinSizeRel|x64.ActiveCfg = MinSizeRel|x64
		{0D68AEB1-7C66-354F-944C-A43000C5344F}.MinSizeRel|x64.Build.0 = MinSizeRel|x64
		{0D68AEB1-7C66-354F-944C-A43000C5344F}.RelWithDebInfo|x64.ActiveCfg = RelWithDebInfo|x64
		{0D68AEB1-7C66-354F-944C-A43000C5344F}.RelWithDebInfo|x64.Build.0 = RelWithDebInfo|x64
		{93CB095C-6EE0-36AD-8E77-E15BC81FA05C}.Debug|x64.ActiveCfg = Debug|x64
		{93CB095C-6EE0-36AD-8E77-E15BC81FA05C}.Debug|x64.Build.0 = Debug|x64
		{93CB095C-6EE0-36AD-8E77-E15BC81FA05C}.Release|x64.ActiveCfg = Release|x64
		{93CB095C-6EE0-36AD-8E77-E15BC81FA05C}.Release|x64.Build.0 = Release|x64
		{93CB095C-6EE0-36AD-8E77-E15BC81FA05C}.MinSizeRel|x64.ActiveCfg = MinSizeRel|x64
		{93CB095C-6EE0-36AD-8E77-E15BC81FA05C}.MinSizeRel|x64.Build.0 = MinSizeRel|x64
		{93CB095C-6EE0-36AD-8E77-E15BC81FA05C}.RelWithDebInfo|x64.ActiveCfg = RelWithDebInfo|x64
		{93CB095C-6EE0-36AD-8E77-E15BC81FA05C}.RelWithDebInfo|x64.Build.0 = RelWithDebInfo|x64
		{9712597C-CA15-329F-9878-4CF18F9DA985}.Debug|x64.ActiveCfg = Debug|x64
		{9712597C-CA15-329F-9878-4CF18F9DA985}.Debug|x64.Build.0 = Debug|x64
		{9712597C-CA15-329F-9878-4CF18F9DA985}.Release|x64.ActiveCfg = Release|x64
		{9712597C-CA15-329F-9878-4CF18F9DA985}.Release|x64.Build.0 = Release|x64
		{9712597C-CA15-329F-9878-4CF18F9DA985}.MinSizeRel|x64.ActiveCfg = MinSizeRel|x64
		{9712597C-CA15-329F-9878-4CF18F9DA985}.MinSizeRel|x64.Build.0 = MinSizeRel|x64
		{9712597C-CA15-329F-9878-4CF18F9DA985}.RelWithDebInfo|x64.ActiveCfg = RelWithDebInfo|x64
		{9712597C-CA15-329F-9878-4CF18F9DA985}.RelWithDebInfo|x64.Build.0 = RelWithDebInfo|x64
		{4E4E074E-4D35-3AEA-9609-A8F9CCB84913}.Debug|x64.ActiveCfg = Debug|x64
		{4E4E074E-4D35-3AEA-9609-A8F9CCB84913}.Debug|x64.Build.0 = Debug|x64
		{4E4E074E-4D35-3AEA-9609-A8F9CCB84913}.Release|x64.ActiveCfg = Release|x64
		{4E4E074E-4D35-3AEA-9609-A8F9CCB84913}.Release|x64.Build.0 = Release|x64
		{4E4E074E-4D35-3AEA-9609-A8F9CCB84913}.MinSizeRel|x64.ActiveCfg = MinSizeRel|x64
		{4E4E074E-4D35-3AEA-9609-A8F9CCB84913}.MinSizeRel|x64.Build.0 = MinSizeRel|x64
		{4E4E074E-4D35-3AEA-9609-A8F9CCB84913}.RelWithDebInfo|x64.ActiveCfg = RelWithDebInfo|x64
		{4E4E074E-4D35-3AEA-9609-A8F9CCB84913}.RelWithDebInfo|x64.Build.0 = RelWithDebInfo|x64
		{F7923FC8-8FD0-3CFE-A59C-FFA3C527DED7}.Debug|x64.ActiveCfg = Debug|x64
		{F7923FC8-8FD0-3CFE-A59C-FFA3C527DED7}.Debug|x64.Build.0 = Debug|x64
		{F7923FC8-8FD0-3CFE-A59C-FFA3C527DED7}.Release|x64.ActiveCfg = Release|x64
		{F7923FC8-8FD0-3CFE-A59C-FFA3C527DED7}.Release|x64.Build.0 = Release|x64
		{F7923FC8-8FD0-3CFE-A59C-FFA3C527DED7}.MinSizeRel|x64.ActiveCfg = MinSizeRel|x64
		{F7923FC8-8FD0-3CFE-A59C-FFA3C527DED7}.MinSizeRel|x64.Build.0 = MinSizeRel|x64
		{F7923FC8-8FD0-3CFE-A59C-FFA3C527DED7}.RelWithDebInfo|x64.ActiveCfg = RelWithDebInfo|x64
		{F7923FC8-8FD0-3CFE-A59C-FFA3C527DED7}.RelWithDebInfo|x64.Build.0 = RelWithDebInfo|x64
		{B81162C8-B267-3A52-9287-A4F536173D89}.Debug|x64.ActiveCfg = Debug|x64
		{B81162C8-B267-3A52-9287-A4F536173D89}.Debug|x64.Build.0 = Debug|x64
		{B81162C8-B267-3A52-9287-A4F536173D89}.Release|x64.ActiveCfg = Release|x64
		{B81162C8-B267-3A52-9287-A4F536173D89}.Release|x64.Build.0 = Release|x64
		{B81162C8-B267-3A52-9287-A4F536173D89}.MinSizeRel|x64.ActiveCfg = MinSizeRel|x64
		{B81162C8-B267-3A52-9287-A4F536173D89}.MinSizeRel|x64.Build.0 = MinSizeRel|x64
		{B81162C8-B267-3A52-9287-A4F536173D89}.RelWithDebInfo|x64.ActiveCfg = RelWithDebInfo|x64
		{B81162C8-B267-3A52-9287-A4F536173D89}.RelWithDebInfo|x64.Build.0 = RelWithDebInfo|x64
		{680A4A4B-0BDF-3BFC-925E-1837CD9276F0}.Debug|x64.ActiveCfg = Debug|x64
		{680A4A4B-0BDF-3BFC-925E-1837CD9276F0}.Debug|x64.Build.0 = Debug|x64
		{680A4A4B-0BDF-3BFC-925E-1837CD9276F0}.Release|x64.ActiveCfg = Release|x64
		{680A4A4B-0BDF-3BFC-925E-1837CD9276F0}.Release|x64.Build.0 = Release|x64
		{680A4A4B-0BDF-3BFC-925E-1837CD9276F0}.MinSizeRel|x64.ActiveCfg = MinSizeRel|x64
		{680A4A4B-0BDF-3BFC-925E-1837CD9276F0}.MinSizeRel|x64.Build.0 = MinSizeRel|x64
		{680A4A4B-0BDF-3BFC-925E-1837CD9276F0}.RelWithDebInfo|x64.ActiveCfg = RelWithDebInfo|x64
		{680A4A4B-0BDF-3BFC-925E-1837CD9276F0}.RelWithDebInfo|x64.Build.0 = RelWithDebInfo|x64
		{0B2F4B48-81A2-3339-A3DB-4AFFFAD59D93}.Debug|x64.ActiveCfg = Debug|x64
		{0B2F4B48-81A2-3339-A3DB-4AFFFAD59D93}.Debug|x64.Build.0 = Debug|x64
		{0B2F4B48-81A2-3339-A3DB-4AFFFAD59D93}.Release|x64.ActiveCfg = Release|x64
		{0B2F4B48-81A2-3339-A3DB-4AFFFAD59D93}.Release|x64.Build.0 = Release|x64
		{0B2F4B48-81A2-3339-A3DB-4AFFFAD59D93}.MinSizeRel|x64.ActiveCfg = MinSizeRel|x64
		{0B2F4B48-81A2-3339-A3DB-4AFFFAD59D93}.MinSizeRel|x64.Build.0 = MinSizeRel|x64
		{0B2F4B48-81A2-3339-A3DB-4AFFFAD59D93}.RelWithDebInfo|x64.ActiveCfg = RelWithDebInfo|x64
		{0B2F4B48-81A2-3339-A3DB-4AFFFAD59D93}.RelWithDebInfo|x64.Build.0 = RelWithDebInfo|x64
		{0C5E64BC-0559-301A-8144-A523620ADCC4}.Debug|x64.ActiveCfg = Debug|x64
		{0C5E64BC-0559-301A-8144-A523620ADCC4}.Debug|x64.Build.0 = Debug|x64
		{0C5E64BC-0559-301A-8144-A523620ADCC4}.Release|x64.ActiveCfg = Release|x64
		{0C5E64BC-0559-301A-8144-A523620ADCC4}.Release|x64.Build.0 = Release|x64
		{0C5E64BC-0559-301A-8144-A523620ADCC4}.MinSizeRel|x64.ActiveCfg = MinSizeRel|x64
		{0C5E64BC-0559-301A-8144-A523620ADCC4}.MinSizeRel|x64.Build.0 = MinSizeRel|x64
		{0C5E64BC-0559-301A-8144-A523620ADCC4}.RelWithDebInfo|x64.ActiveCfg = RelWithDebInfo|x64
		{0C5E64BC-0559-301A-8144-A523620ADCC4}.RelWithDebInfo|x64.Build.0 = RelWithDebInfo|x64
		{D3A7CA9F-D041-369A-8BCA-DABF8DCE94BA}.Debug|x64.ActiveCfg = Debug|x64
		{D3A7CA9F-D041-369A-8BCA-DABF8DCE94BA}.Debug|x64.Build.0 = Debug|x64
		{D3A7CA9F-D041-369A-8BCA-DABF8DCE94BA}.Release|x64.ActiveCfg = Release|x64
		{D3A7CA9F-D041-369A-8BCA-DABF8DCE94BA}.Release|x64.Build.0 = Release|x64
		{D3A7CA9F-D041-369A-8BCA-DABF8DCE94BA}.MinSizeRel|x64.ActiveCfg = MinSizeRel|x64
		{D3A7CA9F-D041-369A-8BCA-DABF8DCE94BA}.MinSizeRel|x64.Build.0 = MinSizeRel|x64
		{D3A7CA9F-D041-369A-8BCA-DABF8DCE94BA}.RelWithDebInfo|x64.ActiveCfg = RelWithDebInfo|x64
		{D3A7CA9F-D041-369A-8BCA-DABF8DCE94BA}.RelWithDebInfo|x64.Build.0 = RelWithDebInfo|x64
		{03EF1052-4E99-3980-BFAA-13B3D2E2CFF2}.Debug|x64.ActiveCfg = Debug|x64
		{03EF1052-4E99-3980-BFAA-13B3D2E2CFF2}.Debug|x64.Build.0 = Debug|x64
		{03EF1052-4E99-3980-BFAA-13B3D2E2CFF2}.Release|x64.ActiveCfg = Release|x64
		{03EF1052-4E99-3980-BFAA-13B3D2E2CFF2}.Release|x64.Build.0 = Release|x64
		{03EF1052-4E99-3980-BFAA-13B3D2E2CFF2}.MinSizeRel|x64.ActiveCfg = MinSizeRel|x64
		{03EF1052-4E99-3980-BFAA-13B3D2E2CFF2}.MinSizeRel|x64.Build.0 = MinSizeRel|x64
		{03EF1052-4E99-3980-BFAA-13B3D2E2CFF2}.RelWithDebInfo|x64.ActiveCfg = RelWithDebInfo|x64
		{03EF1052-4E99-3980-BFAA-13B3D2E2CFF2}.RelWithDebInfo|x64.Build.0 = RelWithDebInfo|x64
		{7253DC6D-46DA-34F8-84A7-9DECBBB1D8C3}.Debug|x64.ActiveCfg = Debug|x64
		{7253DC6D-46DA-34F8-84A7-9DECBBB1D8C3}.Debug|x64.Build.0 = Debug|x64
		{7253DC6D-46DA-34F8-84A7-9DECBBB1D8C3}.Release|x64.ActiveCfg = Release|x64
		{7253DC6D-46DA-34F8-84A7-9DECBBB1D8C3}.Release|x64.Build.0 = Release|x64
		{7253DC6D-46DA-34F8-84A7-9DECBBB1D8C3}.MinSizeRel|x64.ActiveCfg = MinSizeRel|x64
		{7253DC6D-46DA-34F8-84A7-9DECBBB1D8C3}.MinSizeRel|x64.Build.0 = MinSizeRel|x64
		{7253DC6D-46DA-34F8-84A7-9DECBBB1D8C3}.RelWithDebInfo|x64.ActiveCfg = RelWithDebInfo|x64
		{7253DC6D-46DA-34F8-84A7-9DECBBB1D8C3}.RelWithDebInfo|x64.Build.0 = RelWithDebInfo|x64
		{4EBEE2B3-64BC-3C68-A66A-16359AE439DD}.Debug|x64.ActiveCfg = Debug|x64
		{4EBEE2B3-64BC-3C68-A66A-16359AE439DD}.Debug|x64.Build.0 = Debug|x64
		{4EBEE2B3-64BC-3C68-A66A-16359AE439DD}.Release|x64.ActiveCfg = Release|x64
		{4EBEE2B3-64BC-3C68-A66A-16359AE439DD}.Release|x64.Build.0 = Release|x64
		{4EBEE2B3-64BC-3C68-A66A-16359AE439DD}.MinSizeRel|x64.ActiveCfg = MinSizeRel|x64
		{4EBEE2B3-64BC-3C68-A66A-16359AE439DD}.MinSizeRel|x64.Build.0 = MinSizeRel|x64
		{4EBEE2B3-64BC-3C68-A66A-16359AE439DD}.RelWithDebInfo|x64.ActiveCfg = RelWithDebInfo|x64
		{4EBEE2B3-64BC-3C68-A66A-16359AE439DD}.RelWithDebInfo|x64.Build.0 = RelWithDebInfo|x64
		{4B1F92A9-9BA7-3D07-AF99-1C321E1417FD}.Debug|x64.ActiveCfg = Debug|x64
		{4B1F92A9-9BA7-3D07-AF99-1C321E1417FD}.Debug|x64.Build.0 = Debug|x64
		{4B1F92A9-9BA7-3D07-AF99-1C321E1417FD}.Release|x64.ActiveCfg = Release|x64
		{4B1F92A9-9BA7-3D07-AF99-1C321E1417FD}.Release|x64.Build.0 = Release|x64
		{4B1F92A9-9BA7-3D07-AF99-1C321E1417FD}.MinSizeRel|x64.ActiveCfg = MinSizeRel|x64
		{4B1F92A9-9BA7-3D07-AF99-1C321E1417FD}.MinSizeRel|x64.Build.0 = MinSizeRel|x64
		{4B1F92A9-9BA7-3D07-AF99-1C321E1417FD}.RelWithDebInfo|x64.ActiveCfg = RelWithDebInfo|x64
		{4B1F92A9-9BA7-3D07-AF99-1C321E1417FD}.RelWithDebInfo|x64.Build.0 = RelWithDebInfo|x64
		{2C926309-90DB-3A85-8FDD-A6B05EABCD65}.Debug|x64.ActiveCfg = Debug|x64
		{2C926309-90DB-3A85-8FDD-A6B05EABCD65}.Debug|x64.Build.0 = Debug|x64
		{2C926309-90DB-3A85-8FDD-A6B05EABCD65}.Release|x64.ActiveCfg = Release|x64
		{2C926309-90DB-3A85-8FDD-A6B05EABCD65}.Release|x64.Build.0 = Release|x64
		{2C926309-90DB-3A85-8FDD-A6B05EABCD65}.MinSizeRel|x64.ActiveCfg = MinSizeRel|x64
		{2C926309-90DB-3A85-8FDD-A6B05EABCD65}.MinSizeRel|x64.Build.0 = MinSizeRel|x64
		{2C926309-90DB-3A85-8FDD-A6B05EABCD65}.RelWithDebInfo|x64.ActiveCfg = RelWithDebInfo|x64
		{2C926309-90DB-3A85-8FDD-A6B05EABCD65}.RelWithDebInfo|x64.Build.0 = RelWithDebInfo|x64
		{440D0DB2-ADD6-3A54-8453-AE283F7C5D76}.Debug|x64.ActiveCfg = Debug|x64
		{440D0DB2-ADD6-3A54-8453-AE283F7C5D76}.Debug|x64.Build.0 = Debug|x64
		{440D0DB2-ADD6-3A54-8453-AE283F7C5D76}.Release|x64.ActiveCfg = Release|x64
		{440D0DB2-ADD6-3A54-8453-AE283F7C5D76}.Release|x64.Build.0 = Release|x64
		{440D0DB2-ADD6-3A54-8453-AE283F7C5D76}.MinSizeRel|x64.ActiveCfg = MinSizeRel|x64
		{440D0DB2-ADD6-3A54-8453-AE283F7C5D76}.MinSizeRel|x64.Build.0 = MinSizeRel|x64
		{440D0DB2-ADD6-3A54-8453-AE283F7C5D76}.RelWithDebInfo|x64.ActiveCfg = RelWithDebInfo|x64
		{440D0DB2-ADD6-3A54-8453-AE283F7C5D76}.RelWithDebInfo|x64.Build.0 = RelWithDebInfo|x64
		{79501B9F-23BA-3751-8174-7A2654A6784B}.Debug|x64.ActiveCfg = Debug|x64
		{79501B9F-23BA-3751-8174-7A2654A6784B}.Release|x64.ActiveCfg = Release|x64
		{79501B9F-23BA-3751-8174-7A2654A6784B}.MinSizeRel|x64.ActiveCfg = MinSizeRel|x64
		{79501B9F-23BA-3751-8174-7A2654A6784B}.RelWithDebInfo|x64.ActiveCfg = RelWithDebInfo|x64
		{D25C56F4-10C9-3F62-92A3-F5139E20B64B}.Debug|x64.ActiveCfg = Debug|x64
		{D25C56F4-10C9-3F62-92A3-F5139E20B64B}.Debug|x64.Build.0 = Debug|x64
		{D25C56F4-10C9-3F62-92A3-F5139E20B64B}.Release|x64.ActiveCfg = Release|x64
		{D25C56F4-10C9-3F62-92A3-F5139E20B64B}.Release|x64.Build.0 = Release|x64
		{D25C56F4-10C9-3F62-92A3-F5139E20B64B}.MinSizeRel|x64.ActiveCfg = MinSizeRel|x64
		{D25C56F4-10C9-3F62-92A3-F5139E20B64B}.MinSizeRel|x64.Build.0 = MinSizeRel|x64
		{D25C56F4-10C9-3F62-92A3-F5139E20B64B}.RelWithDebInfo|x64.ActiveCfg = RelWithDebInfo|x64
		{D25C56F4-10C9-3F62-92A3-F5139E20B64B}.RelWithDebInfo|x64.Build.0 = RelWithDebInfo|x64
		{AE0F7A36-57EF-37C0-9D3B-22B0600D4C01}.Debug|x64.ActiveCfg = Debug|x64
		{AE0F7A36-57EF-37C0-9D3B-22B0600D4C01}.Debug|x64.Build.0 = Debug|x64
		{AE0F7A36-57EF-37C0-9D3B-22B0600D4C01}.Release|x64.ActiveCfg = Release|x64
		{AE0F7A36-57EF-37C0-9D3B-22B0600D4C01}.Release|x64.Build.0 = Release|x64
		{AE0F7A36-57EF-37C0-9D3B-22B0600D4C01}.MinSizeRel|x64.ActiveCfg = MinSizeRel|x64
		{AE0F7A36-57EF-37C0-9D3B-22B0600D4C01}.MinSizeRel|x64.Build.0 = MinSizeRel|x64
		{AE0F7A36-57EF-37C0-9D3B-22B0600D4C01}.RelWithDebInfo|x64.ActiveCfg = RelWithDebInfo|x64
		{AE0F7A36-57EF-37C0-9D3B-22B0600D4C01}.RelWithDebInfo|x64.Build.0 = RelWithDebInfo|x64
		{32B5C6AE-31A7-3B9E-BF37-11F237A30834}.Debug|x64.ActiveCfg = Debug|x64
		{32B5C6AE-31A7-3B9E-BF37-11F237A30834}.Debug|x64.Build.0 = Debug|x64
		{32B5C6AE-31A7-3B9E-BF37-11F237A30834}.Release|x64.ActiveCfg = Release|x64
		{32B5C6AE-31A7-3B9E-BF37-11F237A30834}.Release|x64.Build.0 = Release|x64
		{32B5C6AE-31A7-3B9E-BF37-11F237A30834}.MinSizeRel|x64.ActiveCfg = MinSizeRel|x64
		{32B5C6AE-31A7-3B9E-BF37-11F237A30834}.MinSizeRel|x64.Build.0 = MinSizeRel|x64
		{32B5C6AE-31A7-3B9E-BF37-11F237A30834}.RelWithDebInfo|x64.ActiveCfg = RelWithDebInfo|x64
		{32B5C6AE-31A7-3B9E-BF37-11F237A30834}.RelWithDebInfo|x64.Build.0 = RelWithDebInfo|x64
		{0DD005C1-C5C5-35DF-B4CA-3309EA86E19D}.Debug|x64.ActiveCfg = Debug|x64
		{0DD005C1-C5C5-35DF-B4CA-3309EA86E19D}.Release|x64.ActiveCfg = Release|x64
		{0DD005C1-C5C5-35DF-B4CA-3309EA86E19D}.MinSizeRel|x64.ActiveCfg = MinSizeRel|x64
		{0DD005C1-C5C5-35DF-B4CA-3309EA86E19D}.RelWithDebInfo|x64.ActiveCfg = RelWithDebInfo|x64
	EndGlobalSection
	GlobalSection(NestedProjects) = preSolution
		{29688545-C4B0-3790-A637-B08E59275E1C} = {EB08911E-6BA7-329C-97C6-72CB8C78EB69}
		{79501B9F-23BA-3751-8174-7A2654A6784B} = {EB08911E-6BA7-329C-97C6-72CB8C78EB69}
		{AE0F7A36-57EF-37C0-9D3B-22B0600D4C01} = {EB08911E-6BA7-329C-97C6-72CB8C78EB69}
		{93CB095C-6EE0-36AD-8E77-E15BC81FA05C} = {ACB67333-DF3C-3FE2-9F6F-E5152D61299F}
		{9712597C-CA15-329F-9878-4CF18F9DA985} = {ACB67333-DF3C-3FE2-9F6F-E5152D61299F}
		{4E4E074E-4D35-3AEA-9609-A8F9CCB84913} = {ACB67333-DF3C-3FE2-9F6F-E5152D61299F}
		{F7923FC8-8FD0-3CFE-A59C-FFA3C527DED7} = {ACB67333-DF3C-3FE2-9F6F-E5152D61299F}
		{B81162C8-B267-3A52-9287-A4F536173D89} = {ACB67333-DF3C-3FE2-9F6F-E5152D61299F}
		{680A4A4B-0BDF-3BFC-925E-1837CD9276F0} = {ACB67333-DF3C-3FE2-9F6F-E5152D61299F}
		{0B2F4B48-81A2-3339-A3DB-4AFFFAD59D93} = {ACB67333-DF3C-3FE2-9F6F-E5152D61299F}
		{0C5E64BC-0559-301A-8144-A523620ADCC4} = {ACB67333-DF3C-3FE2-9F6F-E5152D61299F}
		{D3A7CA9F-D041-369A-8BCA-DABF8DCE94BA} = {ACB67333-DF3C-3FE2-9F6F-E5152D61299F}
		{03EF1052-4E99-3980-BFAA-13B3D2E2CFF2} = {ACB67333-DF3C-3FE2-9F6F-E5152D61299F}
		{7253DC6D-46DA-34F8-84A7-9DECBBB1D8C3} = {ACB67333-DF3C-3FE2-9F6F-E5152D61299F}
		{4EBEE2B3-64BC-3C68-A66A-16359AE439DD} = {ACB67333-DF3C-3FE2-9F6F-E5152D61299F}
		{4B1F92A9-9BA7-3D07-AF99-1C321E1417FD} = {ACB67333-DF3C-3FE2-9F6F-E5152D61299F}
		{2C926309-90DB-3A85-8FDD-A6B05EABCD65} = {ACB67333-DF3C-3FE2-9F6F-E5152D61299F}
		{440D0DB2-ADD6-3A54-8453-AE283F7C5D76} = {ACB67333-DF3C-3FE2-9F6F-E5152D61299F}
		{32B5C6AE-31A7-3B9E-BF37-11F237A30834} = {9B861AC8-B663-3D46-98F5-8D33D1CF1205}
		{0DD005C1-C5C5-35DF-B4CA-3309EA86E19D} = {9B861AC8-B663-3D46-98F5-8D33D1CF1205}
		{8A4E1A50-9085-3042-934A-D5429E5DA7FA} = {5983B57A-D94C-3FA0-9FBE-6EA97F94B681}
		{BC3FD2E4-3641-3E94-B87B-84BA261C10AA} = {5983B57A-D94C-3FA0-9FBE-6EA97F94B681}
		{29EA1947-B999-396F-B7A6-76F34D610AAD} = {5983B57A-D94C-3FA0-9FBE-6EA97F94B681}
		{0E4C11E0-CCFF-3F17-92E5-F04D1FF59E68} = {5983B57A-D94C-3FA0-9FBE-6EA97F94B681}
		{8E244DA2-FFC4-379E-A692-28F0BA0A3145} = {5983B57A-D94C-3FA0-9FBE-6EA97F94B681}
		{368286BD-6AE5-3794-A9CB-9A31BA49DF92} = {5983B57A-D94C-3FA0-9FBE-6EA97F94B681}
		{FB3EFC20-D705-37E3-8698-B49D6BF858D1} = {5983B57A-D94C-3FA0-9FBE-6EA97F94B681}
		{CD472F22-48FF-3B39-B3B6-DC23172E24F1} = {5983B57A-D94C-3FA0-9FBE-6EA97F94B681}
		{58917FA3-E3AE-3476-B42C-8901830D09D1} = {5983B57A-D94C-3FA0-9FBE-6EA97F94B681}
		{0D68AEB1-7C66-354F-944C-A43000C5344F} = {5983B57A-D94C-3FA0-9FBE-6EA97F94B681}
		{D25C56F4-10C9-3F62-92A3-F5139E20B64B} = {E5A7BB38-75C6-3282-8961-287C4808F659}
	EndGlobalSection
	GlobalSection(ExtensibilityGlobals) = postSolution
		SolutionGuid = {0665A29E-B861-39E4-A45D-1C84AA8F6BCF}
	EndGlobalSection
	GlobalSection(ExtensibilityAddIns) = postSolution
	EndGlobalSection
EndGlobal
