<?xml version="1.0" encoding="utf-8"?>
<Project ToolsVersion="17.0" xmlns="http://schemas.microsoft.com/developer/msbuild/2003">
  <ItemGroup>
    <ClCompile Include="E:\ProgrammingProjects\advnGame\third_party\Effekseer\EffekseerForCpp\src\EffekseerRendererDX12\EffekseerRendererDX12\EffekseerRendererDX12.Renderer.cpp">
      <Filter>EffekseerRendererDX12</Filter>
    </ClCompile>
    <ClCompile Include="E:\ProgrammingProjects\advnGame\third_party\Effekseer\EffekseerForCpp\src\EffekseerMaterialCompiler\DirectX12\EffekseerMaterialCompilerDX12.cpp">
      <Filter>..\EffekseerMaterialCompiler\DirectX12</Filter>
    </ClCompile>
    <ClCompile Include="E:\ProgrammingProjects\advnGame\third_party\Effekseer\EffekseerForCpp\src\EffekseerMaterialCompiler\HLSLGenerator\ShaderGenerator.cpp">
      <Filter>..\EffekseerMaterialCompiler\HLSLGenerator</Filter>
    </ClCompile>
    <ClCompile Include="E:\ProgrammingProjects\advnGame\third_party\Effekseer\EffekseerForCpp\src\EffekseerMaterialCompiler\Common\ShaderGeneratorCommon.cpp">
      <Filter>..\EffekseerMaterialCompiler\Common</Filter>
    </ClCompile>
  </ItemGroup>
  <ItemGroup>
    <ClInclude Include="E:\ProgrammingProjects\advnGame\third_party\Effekseer\EffekseerForCpp\src\EffekseerRendererDX12\EffekseerRendererDX12.h" />
    <ClInclude Include="E:\ProgrammingProjects\advnGame\third_party\Effekseer\EffekseerForCpp\src\EffekseerRendererDX12\EffekseerRendererDX12\EffekseerRendererDX12.Base.Pre.h">
      <Filter>EffekseerRendererDX12</Filter>
    </ClInclude>
    <ClInclude Include="E:\ProgrammingProjects\advnGame\third_party\Effekseer\EffekseerForCpp\src\EffekseerRendererDX12\EffekseerRendererDX12\EffekseerRendererDX12.Base.h">
      <Filter>EffekseerRendererDX12</Filter>
    </ClInclude>
    <ClInclude Include="E:\ProgrammingProjects\advnGame\third_party\Effekseer\EffekseerForCpp\src\EffekseerRendererDX12\EffekseerRendererDX12\EffekseerRendererDX12.Renderer.h">
      <Filter>EffekseerRendererDX12</Filter>
    </ClInclude>
    <ClInclude Include="E:\ProgrammingProjects\advnGame\third_party\Effekseer\EffekseerForCpp\src\EffekseerRendererDX12\EffekseerRendererDX12\ShaderHeader\ad_model_distortion_ps.h">
      <Filter>EffekseerRendererDX12\ShaderHeader</Filter>
    </ClInclude>
    <ClInclude Include="E:\ProgrammingProjects\advnGame\third_party\Effekseer\EffekseerForCpp\src\EffekseerRendererDX12\EffekseerRendererDX12\ShaderHeader\ad_model_distortion_vs.h">
      <Filter>EffekseerRendererDX12\ShaderHeader</Filter>
    </ClInclude>
    <ClInclude Include="E:\ProgrammingProjects\advnGame\third_party\Effekseer\EffekseerForCpp\src\EffekseerRendererDX12\EffekseerRendererDX12\ShaderHeader\ad_model_lit_ps.h">
      <Filter>EffekseerRendererDX12\ShaderHeader</Filter>
    </ClInclude>
    <ClInclude Include="E:\ProgrammingProjects\advnGame\third_party\Effekseer\EffekseerForCpp\src\EffekseerRendererDX12\EffekseerRendererDX12\ShaderHeader\ad_model_lit_vs.h">
      <Filter>EffekseerRendererDX12\ShaderHeader</Filter>
    </ClInclude>
    <ClInclude Include="E:\ProgrammingProjects\advnGame\third_party\Effekseer\EffekseerForCpp\src\EffekseerRendererDX12\EffekseerRendererDX12\ShaderHeader\ad_model_unlit_ps.h">
      <Filter>EffekseerRendererDX12\ShaderHeader</Filter>
    </ClInclude>
    <ClInclude Include="E:\ProgrammingProjects\advnGame\third_party\Effekseer\EffekseerForCpp\src\EffekseerRendererDX12\EffekseerRendererDX12\ShaderHeader\ad_model_unlit_vs.h">
      <Filter>EffekseerRendererDX12\ShaderHeader</Filter>
    </ClInclude>
    <ClInclude Include="E:\ProgrammingProjects\advnGame\third_party\Effekseer\EffekseerForCpp\src\EffekseerRendererDX12\EffekseerRendererDX12\ShaderHeader\ad_sprite_distortion_vs.h">
      <Filter>EffekseerRendererDX12\ShaderHeader</Filter>
    </ClInclude>
    <ClInclude Include="E:\ProgrammingProjects\advnGame\third_party\Effekseer\EffekseerForCpp\src\EffekseerRendererDX12\EffekseerRendererDX12\ShaderHeader\ad_sprite_lit_vs.h">
      <Filter>EffekseerRendererDX12\ShaderHeader</Filter>
    </ClInclude>
    <ClInclude Include="E:\ProgrammingProjects\advnGame\third_party\Effekseer\EffekseerForCpp\src\EffekseerRendererDX12\EffekseerRendererDX12\ShaderHeader\ad_sprite_unlit_vs.h">
      <Filter>EffekseerRendererDX12\ShaderHeader</Filter>
    </ClInclude>
    <ClInclude Include="E:\ProgrammingProjects\advnGame\third_party\Effekseer\EffekseerForCpp\src\EffekseerRendererDX12\EffekseerRendererDX12\ShaderHeader\gpu_particles_clear_cs.h">
      <Filter>EffekseerRendererDX12\ShaderHeader</Filter>
    </ClInclude>
    <ClInclude Include="E:\ProgrammingProjects\advnGame\third_party\Effekseer\EffekseerForCpp\src\EffekseerRendererDX12\EffekseerRendererDX12\ShaderHeader\gpu_particles_render_ps.h">
      <Filter>EffekseerRendererDX12\ShaderHeader</Filter>
    </ClInclude>
    <ClInclude Include="E:\ProgrammingProjects\advnGame\third_party\Effekseer\EffekseerForCpp\src\EffekseerRendererDX12\EffekseerRendererDX12\ShaderHeader\gpu_particles_render_vs.h">
      <Filter>EffekseerRendererDX12\ShaderHeader</Filter>
    </ClInclude>
    <ClInclude Include="E:\ProgrammingProjects\advnGame\third_party\Effekseer\EffekseerForCpp\src\EffekseerRendererDX12\EffekseerRendererDX12\ShaderHeader\gpu_particles_spawn_cs.h">
      <Filter>EffekseerRendererDX12\ShaderHeader</Filter>
    </ClInclude>
    <ClInclude Include="E:\ProgrammingProjects\advnGame\third_party\Effekseer\EffekseerForCpp\src\EffekseerRendererDX12\EffekseerRendererDX12\ShaderHeader\gpu_particles_update_cs.h">
      <Filter>EffekseerRendererDX12\ShaderHeader</Filter>
    </ClInclude>
    <ClInclude Include="E:\ProgrammingProjects\advnGame\third_party\Effekseer\EffekseerForCpp\src\EffekseerRendererDX12\EffekseerRendererDX12\ShaderHeader\model_distortion_ps.h">
      <Filter>EffekseerRendererDX12\ShaderHeader</Filter>
    </ClInclude>
    <ClInclude Include="E:\ProgrammingProjects\advnGame\third_party\Effekseer\EffekseerForCpp\src\EffekseerRendererDX12\EffekseerRendererDX12\ShaderHeader\model_distortion_vs.h">
      <Filter>EffekseerRendererDX12\ShaderHeader</Filter>
    </ClInclude>
    <ClInclude Include="E:\ProgrammingProjects\advnGame\third_party\Effekseer\EffekseerForCpp\src\EffekseerRendererDX12\EffekseerRendererDX12\ShaderHeader\model_lit_ps.h">
      <Filter>EffekseerRendererDX12\ShaderHeader</Filter>
    </ClInclude>
    <ClInclude Include="E:\ProgrammingProjects\advnGame\third_party\Effekseer\EffekseerForCpp\src\EffekseerRendererDX12\EffekseerRendererDX12\ShaderHeader\model_lit_vs.h">
      <Filter>EffekseerRendererDX12\ShaderHeader</Filter>
    </ClInclude>
    <ClInclude Include="E:\ProgrammingProjects\advnGame\third_party\Effekseer\EffekseerForCpp\src\EffekseerRendererDX12\EffekseerRendererDX12\ShaderHeader\model_unlit_ps.h">
      <Filter>EffekseerRendererDX12\ShaderHeader</Filter>
    </ClInclude>
    <ClInclude Include="E:\ProgrammingProjects\advnGame\third_party\Effekseer\EffekseerForCpp\src\EffekseerRendererDX12\EffekseerRendererDX12\ShaderHeader\model_unlit_vs.h">
      <Filter>EffekseerRendererDX12\ShaderHeader</Filter>
    </ClInclude>
    <ClInclude Include="E:\ProgrammingProjects\advnGame\third_party\Effekseer\EffekseerForCpp\src\EffekseerRendererDX12\EffekseerRendererDX12\ShaderHeader\sprite_distortion_vs.h">
      <Filter>EffekseerRendererDX12\ShaderHeader</Filter>
    </ClInclude>
    <ClInclude Include="E:\ProgrammingProjects\advnGame\third_party\Effekseer\EffekseerForCpp\src\EffekseerRendererDX12\EffekseerRendererDX12\ShaderHeader\sprite_lit_vs.h">
      <Filter>EffekseerRendererDX12\ShaderHeader</Filter>
    </ClInclude>
    <ClInclude Include="E:\ProgrammingProjects\advnGame\third_party\Effekseer\EffekseerForCpp\src\EffekseerRendererDX12\EffekseerRendererDX12\ShaderHeader\sprite_unlit_vs.h">
      <Filter>EffekseerRendererDX12\ShaderHeader</Filter>
    </ClInclude>
    <ClInclude Include="E:\ProgrammingProjects\advnGame\third_party\Effekseer\EffekseerForCpp\src\EffekseerMaterialCompiler\DirectX12\EffekseerMaterialCompilerDX12.h">
      <Filter>..\EffekseerMaterialCompiler\DirectX12</Filter>
    </ClInclude>
    <ClInclude Include="E:\ProgrammingProjects\advnGame\third_party\Effekseer\EffekseerForCpp\src\EffekseerMaterialCompiler\HLSLGenerator\ShaderGenerator.h">
      <Filter>..\EffekseerMaterialCompiler\HLSLGenerator</Filter>
    </ClInclude>
    <ClInclude Include="E:\ProgrammingProjects\advnGame\third_party\Effekseer\EffekseerForCpp\src\EffekseerMaterialCompiler\Common\ShaderGeneratorCommon.h">
      <Filter>..\EffekseerMaterialCompiler\Common</Filter>
    </ClInclude>
  </ItemGroup>
  <ItemGroup>
    <CustomBuild Include="E:\ProgrammingProjects\advnGame\third_party\Effekseer\EffekseerForCpp\src\EffekseerRendererDX12\CMakeLists.txt" />
  </ItemGroup>
  <ItemGroup>
    <Filter Include="..">
      <UniqueIdentifier>{184726A4-C7A3-3401-9CA4-BD9634FF60A5}</UniqueIdentifier>
    </Filter>
    <Filter Include="..\EffekseerMaterialCompiler">
      <UniqueIdentifier>{98E24226-1E64-3CC8-8F74-69C3F60A9F56}</UniqueIdentifier>
    </Filter>
    <Filter Include="..\EffekseerMaterialCompiler\Common">
      <UniqueIdentifier>{039CEFFB-239E-3EE3-AE0B-FA5CF9074C99}</UniqueIdentifier>
    </Filter>
    <Filter Include="..\EffekseerMaterialCompiler\DirectX12">
      <UniqueIdentifier>{4B8219D7-8FE4-3D8C-B8BB-E34EE98D2612}</UniqueIdentifier>
    </Filter>
    <Filter Include="..\EffekseerMaterialCompiler\HLSLGenerator">
      <UniqueIdentifier>{C695CFBB-0AB1-37D9-8C2A-AC5DDFF2072D}</UniqueIdentifier>
    </Filter>
    <Filter Include="EffekseerRendererDX12">
      <UniqueIdentifier>{2BDC8D09-1E75-3FD3-A451-F77ABFEF989E}</UniqueIdentifier>
    </Filter>
    <Filter Include="EffekseerRendererDX12\ShaderHeader">
      <UniqueIdentifier>{B029EEAF-CFE4-3933-96A8-9CEED19C6885}</UniqueIdentifier>
    </Filter>
  </ItemGroup>
</Project>
