
Microsoft Visual Studio Solution File, Format Version 12.00
# Visual Studio Version 17
Project("{2150E333-8FDC-42A3-9474-1A3956D46DE8}") = "CMakePredefinedTargets", "CMakePredefinedTargets", "{EB08911E-6BA7-329C-97C6-72CB8C78EB69}"
EndProject
Project("{2150E333-8FDC-42A3-9474-1A3956D46DE8}") = "Examples", "Examples", "{ACB67333-DF3C-3FE2-9F6F-E5152D61299F}"
EndProject
Project("{2150E333-8FDC-42A3-9474-1A3956D46DE8}") = "Libraries", "Libraries", "{5983B57A-D94C-3FA0-9FBE-6EA97F94B681}"
EndProject
Project("{8BC9CEB8-8B4A-11D0-8D11-00A0C91BC942}") = "ALL_BUILD", "ALL_BUILD.vcxproj", "{29688545-C4B0-3790-A637-B08E59275E1C}"
	ProjectSection(ProjectDependencies) = postProject
		{B81162C8-B267-3A52-9287-A4F536173D89} = {B81162C8-B267-3A52-9287-A4F536173D89}
		{AE0F7A36-57EF-37C0-9D3B-22B0600D4C01} = {AE0F7A36-57EF-37C0-9D3B-22B0600D4C01}
	EndProjectSection
EndProject
Project("{8BC9CEB8-8B4A-11D0-8D11-00A0C91BC942}") = "Effekseer", "..\..\src\Effekseer\Effekseer.vcxproj", "{8A4E1A50-9085-3042-934A-D5429E5DA7FA}"
	ProjectSection(ProjectDependencies) = postProject
		{AE0F7A36-57EF-37C0-9D3B-22B0600D4C01} = {AE0F7A36-57EF-37C0-9D3B-22B0600D4C01}
	EndProjectSection
EndProject
Project("{8BC9CEB8-8B4A-11D0-8D11-00A0C91BC942}") = "EffekseerRendererCommon", "..\..\src\EffekseerRendererCommon\EffekseerRendererCommon.vcxproj", "{BC3FD2E4-3641-3E94-B87B-84BA261C10AA}"
	ProjectSection(ProjectDependencies) = postProject
		{8A4E1A50-9085-3042-934A-D5429E5DA7FA} = {8A4E1A50-9085-3042-934A-D5429E5DA7FA}
		{AE0F7A36-57EF-37C0-9D3B-22B0600D4C01} = {AE0F7A36-57EF-37C0-9D3B-22B0600D4C01}
	EndProjectSection
EndProject
Project("{8BC9CEB8-8B4A-11D0-8D11-00A0C91BC942}") = "EffekseerRendererDX9", "..\..\src\EffekseerRendererDX9\EffekseerRendererDX9.vcxproj", "{8E244DA2-FFC4-379E-A692-28F0BA0A3145}"
	ProjectSection(ProjectDependencies) = postProject
		{8A4E1A50-9085-3042-934A-D5429E5DA7FA} = {8A4E1A50-9085-3042-934A-D5429E5DA7FA}
		{BC3FD2E4-3641-3E94-B87B-84BA261C10AA} = {BC3FD2E4-3641-3E94-B87B-84BA261C10AA}
		{AE0F7A36-57EF-37C0-9D3B-22B0600D4C01} = {AE0F7A36-57EF-37C0-9D3B-22B0600D4C01}
	EndProjectSection
EndProject
Project("{8BC9CEB8-8B4A-11D0-8D11-00A0C91BC942}") = "EffekseerSoundXAudio2", "..\..\src\EffekseerSoundXAudio2\EffekseerSoundXAudio2.vcxproj", "{0D68AEB1-7C66-354F-944C-A43000C5344F}"
	ProjectSection(ProjectDependencies) = postProject
		{8A4E1A50-9085-3042-934A-D5429E5DA7FA} = {8A4E1A50-9085-3042-934A-D5429E5DA7FA}
		{AE0F7A36-57EF-37C0-9D3B-22B0600D4C01} = {AE0F7A36-57EF-37C0-9D3B-22B0600D4C01}
	EndProjectSection
EndProject
Project("{8BC9CEB8-8B4A-11D0-8D11-00A0C91BC942}") = "Example_DirectX9", "Example_DirectX9.vcxproj", "{B81162C8-B267-3A52-9287-A4F536173D89}"
	ProjectSection(ProjectDependencies) = postProject
		{8A4E1A50-9085-3042-934A-D5429E5DA7FA} = {8A4E1A50-9085-3042-934A-D5429E5DA7FA}
		{BC3FD2E4-3641-3E94-B87B-84BA261C10AA} = {BC3FD2E4-3641-3E94-B87B-84BA261C10AA}
		{8E244DA2-FFC4-379E-A692-28F0BA0A3145} = {8E244DA2-FFC4-379E-A692-28F0BA0A3145}
		{0D68AEB1-7C66-354F-944C-A43000C5344F} = {0D68AEB1-7C66-354F-944C-A43000C5344F}
		{2C926309-90DB-3A85-8FDD-A6B05EABCD65} = {2C926309-90DB-3A85-8FDD-A6B05EABCD65}
		{AE0F7A36-57EF-37C0-9D3B-22B0600D4C01} = {AE0F7A36-57EF-37C0-9D3B-22B0600D4C01}
	EndProjectSection
EndProject
Project("{8BC9CEB8-8B4A-11D0-8D11-00A0C91BC942}") = "Example_Utils", "..\Utils\Example_Utils.vcxproj", "{2C926309-90DB-3A85-8FDD-A6B05EABCD65}"
	ProjectSection(ProjectDependencies) = postProject
		{AE0F7A36-57EF-37C0-9D3B-22B0600D4C01} = {AE0F7A36-57EF-37C0-9D3B-22B0600D4C01}
	EndProjectSection
EndProject
Project("{8BC9CEB8-8B4A-11D0-8D11-00A0C91BC942}") = "INSTALL", "INSTALL.vcxproj", "{79501B9F-23BA-3751-8174-7A2654A6784B}"
	ProjectSection(ProjectDependencies) = postProject
		{29688545-C4B0-3790-A637-B08E59275E1C} = {29688545-C4B0-3790-A637-B08E59275E1C}
		{AE0F7A36-57EF-37C0-9D3B-22B0600D4C01} = {AE0F7A36-57EF-37C0-9D3B-22B0600D4C01}
	EndProjectSection
EndProject
Project("{8BC9CEB8-8B4A-11D0-8D11-00A0C91BC942}") = "ZERO_CHECK", "..\..\\ZERO_CHECK.vcxproj", "{AE0F7A36-57EF-37C0-9D3B-22B0600D4C01}"
	ProjectSection(ProjectDependencies) = postProject
	EndProjectSection
EndProject
Global
	GlobalSection(SolutionConfigurationPlatforms) = preSolution
		Debug|x64 = Debug|x64
		Release|x64 = Release|x64
		MinSizeRel|x64 = MinSizeRel|x64
		RelWithDebInfo|x64 = RelWithDebInfo|x64
	EndGlobalSection
	GlobalSection(ProjectConfigurationPlatforms) = postSolution
		{29688545-C4B0-3790-A637-B08E59275E1C}.Debug|x64.ActiveCfg = Debug|x64
		{29688545-C4B0-3790-A637-B08E59275E1C}.Debug|x64.Build.0 = Debug|x64
		{29688545-C4B0-3790-A637-B08E59275E1C}.Release|x64.ActiveCfg = Release|x64
		{29688545-C4B0-3790-A637-B08E59275E1C}.Release|x64.Build.0 = Release|x64
		{29688545-C4B0-3790-A637-B08E59275E1C}.MinSizeRel|x64.ActiveCfg = MinSizeRel|x64
		{29688545-C4B0-3790-A637-B08E59275E1C}.MinSizeRel|x64.Build.0 = MinSizeRel|x64
		{29688545-C4B0-3790-A637-B08E59275E1C}.RelWithDebInfo|x64.ActiveCfg = RelWithDebInfo|x64
		{29688545-C4B0-3790-A637-B08E59275E1C}.RelWithDebInfo|x64.Build.0 = RelWithDebInfo|x64
		{8A4E1A50-9085-3042-934A-D5429E5DA7FA}.Debug|x64.ActiveCfg = Debug|x64
		{8A4E1A50-9085-3042-934A-D5429E5DA7FA}.Debug|x64.Build.0 = Debug|x64
		{8A4E1A50-9085-3042-934A-D5429E5DA7FA}.Release|x64.ActiveCfg = Release|x64
		{8A4E1A50-9085-3042-934A-D5429E5DA7FA}.Release|x64.Build.0 = Release|x64
		{8A4E1A50-9085-3042-934A-D5429E5DA7FA}.MinSizeRel|x64.ActiveCfg = MinSizeRel|x64
		{8A4E1A50-9085-3042-934A-D5429E5DA7FA}.MinSizeRel|x64.Build.0 = MinSizeRel|x64
		{8A4E1A50-9085-3042-934A-D5429E5DA7FA}.RelWithDebInfo|x64.ActiveCfg = RelWithDebInfo|x64
		{8A4E1A50-9085-3042-934A-D5429E5DA7FA}.RelWithDebInfo|x64.Build.0 = RelWithDebInfo|x64
		{BC3FD2E4-3641-3E94-B87B-84BA261C10AA}.Debug|x64.ActiveCfg = Debug|x64
		{BC3FD2E4-3641-3E94-B87B-84BA261C10AA}.Debug|x64.Build.0 = Debug|x64
		{BC3FD2E4-3641-3E94-B87B-84BA261C10AA}.Release|x64.ActiveCfg = Release|x64
		{BC3FD2E4-3641-3E94-B87B-84BA261C10AA}.Release|x64.Build.0 = Release|x64
		{BC3FD2E4-3641-3E94-B87B-84BA261C10AA}.MinSizeRel|x64.ActiveCfg = MinSizeRel|x64
		{BC3FD2E4-3641-3E94-B87B-84BA261C10AA}.MinSizeRel|x64.Build.0 = MinSizeRel|x64
		{BC3FD2E4-3641-3E94-B87B-84BA261C10AA}.RelWithDebInfo|x64.ActiveCfg = RelWithDebInfo|x64
		{BC3FD2E4-3641-3E94-B87B-84BA261C10AA}.RelWithDebInfo|x64.Build.0 = RelWithDebInfo|x64
		{8E244DA2-FFC4-379E-A692-28F0BA0A3145}.Debug|x64.ActiveCfg = Debug|x64
		{8E244DA2-FFC4-379E-A692-28F0BA0A3145}.Debug|x64.Build.0 = Debug|x64
		{8E244DA2-FFC4-379E-A692-28F0BA0A3145}.Release|x64.ActiveCfg = Release|x64
		{8E244DA2-FFC4-379E-A692-28F0BA0A3145}.Release|x64.Build.0 = Release|x64
		{8E244DA2-FFC4-379E-A692-28F0BA0A3145}.MinSizeRel|x64.ActiveCfg = MinSizeRel|x64
		{8E244DA2-FFC4-379E-A692-28F0BA0A3145}.MinSizeRel|x64.Build.0 = MinSizeRel|x64
		{8E244DA2-FFC4-379E-A692-28F0BA0A3145}.RelWithDebInfo|x64.ActiveCfg = RelWithDebInfo|x64
		{8E244DA2-FFC4-379E-A692-28F0BA0A3145}.RelWithDebInfo|x64.Build.0 = RelWithDebInfo|x64
		{0D68AEB1-7C66-354F-944C-A43000C5344F}.Debug|x64.ActiveCfg = Debug|x64
		{0D68AEB1-7C66-354F-944C-A43000C5344F}.Debug|x64.Build.0 = Debug|x64
		{0D68AEB1-7C66-354F-944C-A43000C5344F}.Release|x64.ActiveCfg = Release|x64
		{0D68AEB1-7C66-354F-944C-A43000C5344F}.Release|x64.Build.0 = Release|x64
		{0D68AEB1-7C66-354F-944C-A43000C5344F}.MinSizeRel|x64.ActiveCfg = MinSizeRel|x64
		{0D68AEB1-7C66-354F-944C-A43000C5344F}.MinSizeRel|x64.Build.0 = MinSizeRel|x64
		{0D68AEB1-7C66-354F-944C-A43000C5344F}.RelWithDebInfo|x64.ActiveCfg = RelWithDebInfo|x64
		{0D68AEB1-7C66-354F-944C-A43000C5344F}.RelWithDebInfo|x64.Build.0 = RelWithDebInfo|x64
		{B81162C8-B267-3A52-9287-A4F536173D89}.Debug|x64.ActiveCfg = Debug|x64
		{B81162C8-B267-3A52-9287-A4F536173D89}.Debug|x64.Build.0 = Debug|x64
		{B81162C8-B267-3A52-9287-A4F536173D89}.Release|x64.ActiveCfg = Release|x64
		{B81162C8-B267-3A52-9287-A4F536173D89}.Release|x64.Build.0 = Release|x64
		{B81162C8-B267-3A52-9287-A4F536173D89}.MinSizeRel|x64.ActiveCfg = MinSizeRel|x64
		{B81162C8-B267-3A52-9287-A4F536173D89}.MinSizeRel|x64.Build.0 = MinSizeRel|x64
		{B81162C8-B267-3A52-9287-A4F536173D89}.RelWithDebInfo|x64.ActiveCfg = RelWithDebInfo|x64
		{B81162C8-B267-3A52-9287-A4F536173D89}.RelWithDebInfo|x64.Build.0 = RelWithDebInfo|x64
		{2C926309-90DB-3A85-8FDD-A6B05EABCD65}.Debug|x64.ActiveCfg = Debug|x64
		{2C926309-90DB-3A85-8FDD-A6B05EABCD65}.Debug|x64.Build.0 = Debug|x64
		{2C926309-90DB-3A85-8FDD-A6B05EABCD65}.Release|x64.ActiveCfg = Release|x64
		{2C926309-90DB-3A85-8FDD-A6B05EABCD65}.Release|x64.Build.0 = Release|x64
		{2C926309-90DB-3A85-8FDD-A6B05EABCD65}.MinSizeRel|x64.ActiveCfg = MinSizeRel|x64
		{2C926309-90DB-3A85-8FDD-A6B05EABCD65}.MinSizeRel|x64.Build.0 = MinSizeRel|x64
		{2C926309-90DB-3A85-8FDD-A6B05EABCD65}.RelWithDebInfo|x64.ActiveCfg = RelWithDebInfo|x64
		{2C926309-90DB-3A85-8FDD-A6B05EABCD65}.RelWithDebInfo|x64.Build.0 = RelWithDebInfo|x64
		{79501B9F-23BA-3751-8174-7A2654A6784B}.Debug|x64.ActiveCfg = Debug|x64
		{79501B9F-23BA-3751-8174-7A2654A6784B}.Release|x64.ActiveCfg = Release|x64
		{79501B9F-23BA-3751-8174-7A2654A6784B}.MinSizeRel|x64.ActiveCfg = MinSizeRel|x64
		{79501B9F-23BA-3751-8174-7A2654A6784B}.RelWithDebInfo|x64.ActiveCfg = RelWithDebInfo|x64
		{AE0F7A36-57EF-37C0-9D3B-22B0600D4C01}.Debug|x64.ActiveCfg = Debug|x64
		{AE0F7A36-57EF-37C0-9D3B-22B0600D4C01}.Debug|x64.Build.0 = Debug|x64
		{AE0F7A36-57EF-37C0-9D3B-22B0600D4C01}.Release|x64.ActiveCfg = Release|x64
		{AE0F7A36-57EF-37C0-9D3B-22B0600D4C01}.Release|x64.Build.0 = Release|x64
		{AE0F7A36-57EF-37C0-9D3B-22B0600D4C01}.MinSizeRel|x64.ActiveCfg = MinSizeRel|x64
		{AE0F7A36-57EF-37C0-9D3B-22B0600D4C01}.MinSizeRel|x64.Build.0 = MinSizeRel|x64
		{AE0F7A36-57EF-37C0-9D3B-22B0600D4C01}.RelWithDebInfo|x64.ActiveCfg = RelWithDebInfo|x64
		{AE0F7A36-57EF-37C0-9D3B-22B0600D4C01}.RelWithDebInfo|x64.Build.0 = RelWithDebInfo|x64
	EndGlobalSection
	GlobalSection(NestedProjects) = preSolution
		{29688545-C4B0-3790-A637-B08E59275E1C} = {EB08911E-6BA7-329C-97C6-72CB8C78EB69}
		{79501B9F-23BA-3751-8174-7A2654A6784B} = {EB08911E-6BA7-329C-97C6-72CB8C78EB69}
		{AE0F7A36-57EF-37C0-9D3B-22B0600D4C01} = {EB08911E-6BA7-329C-97C6-72CB8C78EB69}
		{B81162C8-B267-3A52-9287-A4F536173D89} = {ACB67333-DF3C-3FE2-9F6F-E5152D61299F}
		{2C926309-90DB-3A85-8FDD-A6B05EABCD65} = {ACB67333-DF3C-3FE2-9F6F-E5152D61299F}
		{8A4E1A50-9085-3042-934A-D5429E5DA7FA} = {5983B57A-D94C-3FA0-9FBE-6EA97F94B681}
		{BC3FD2E4-3641-3E94-B87B-84BA261C10AA} = {5983B57A-D94C-3FA0-9FBE-6EA97F94B681}
		{8E244DA2-FFC4-379E-A692-28F0BA0A3145} = {5983B57A-D94C-3FA0-9FBE-6EA97F94B681}
		{0D68AEB1-7C66-354F-944C-A43000C5344F} = {5983B57A-D94C-3FA0-9FBE-6EA97F94B681}
	EndGlobalSection
	GlobalSection(ExtensibilityGlobals) = postSolution
		SolutionGuid = {74486D40-EF39-3C84-809D-02E940E92767}
	EndGlobalSection
	GlobalSection(ExtensibilityAddIns) = postSolution
	EndGlobalSection
EndGlobal
